
Microsoft Visual Studio Solution File, Format Version 12.00
# Visual Studio Version 16
VisualStudioVersion = 16.0.29709.97
MinimumVisualStudioVersion = 10.0.40219.1
Project("{2150E333-8FDC-42A3-9474-1A3956D46DE8}") = "Module4Tp1", "Module4Tp1", "{044312C5-C0FC-459A-8881-5B4033651540}"
EndProject
Project("{9A19103F-16F7-4668-BE54-9A1E7A4F7556}") = "TP1", "TP1\TP1\TP1.csproj", "{F27495D8-F200-4F34-B05D-27D079752846}"
EndProject
Project("{FAE04EC0-301F-11D3-BF4B-00C04F79EFBC}") = "TP1.UWP", "TP1\TP1.UWP\TP1.UWP.csproj", "{A4051445-357E-42C4-9292-F53A67451CA2}"
EndProject
Project("{FAE04EC0-301F-11D3-BF4B-00C04F79EFBC}") = "TP1.Android", "TP1\TP1.Android\TP1.Android.csproj", "{7FF1B92B-E016-4965-B5D0-B331752164EB}"
EndProject
Project("{2150E333-8FDC-42A3-9474-1A3956D46DE8}") = "Module5Tp2", "Module5Tp2", "{C1F21703-9579-4C88-B2C5-ECB307FC31D1}"
EndProject
Project("{9A19103F-16F7-4668-BE54-9A1E7A4F7556}") = "Tp2", "Tp2\Tp2\Tp2.csproj", "{880C2506-4BFD-4D51-817F-E18B9E29EB12}"
EndProject
Project("{FAE04EC0-301F-11D3-BF4B-00C04F79EFBC}") = "Tp2.UWP", "Tp2\Tp2.UWP\Tp2.UWP.csproj", "{32F42488-D3FE-47C7-BA01-2F504467D777}"
EndProject
Project("{FAE04EC0-301F-11D3-BF4B-00C04F79EFBC}") = "Tp2.Android", "Tp2\Tp2.Android\Tp2.Android.csproj", "{9971AC8F-3138-4819-8226-783D12CE2A41}"
EndProject
Project("{2150E333-8FDC-42A3-9474-1A3956D46DE8}") = "Module6Tp3", "Module6Tp3", "{2D80F8A8-9538-494D-A1F6-C24432698F41}"
EndProject
Project("{9A19103F-16F7-4668-BE54-9A1E7A4F7556}") = "Tp3", "Tp3\Tp3\Tp3.csproj", "{A1252C00-AF9D-47C1-90BE-8D32E079661D}"
EndProject
Project("{FAE04EC0-301F-11D3-BF4B-00C04F79EFBC}") = "Tp3.UWP", "Tp3\Tp3.UWP\Tp3.UWP.csproj", "{C2F77A58-FEB8-4BCC-A925-883EB22B2CF0}"
EndProject
Project("{FAE04EC0-301F-11D3-BF4B-00C04F79EFBC}") = "Tp3.Android", "Tp3\Tp3.Android\Tp3.Android.csproj", "{D649A6D8-A09F-4B41-A085-7209370A8F5D}"
EndProject
Project("{2150E333-8FDC-42A3-9474-1A3956D46DE8}") = "Module7Tp4", "Module7Tp4", "{77CA8A00-DB01-4378-9C8A-0F5989ED43FA}"
	ProjectSection(SolutionItems) = preProject
		Tp4\Tp4.UWP\Tp4.UWP.csproj = Tp4\Tp4.UWP\Tp4.UWP.csproj
	EndProjectSection
EndProject
Project("{9A19103F-16F7-4668-BE54-9A1E7A4F7556}") = "Tp4", "Tp4\Tp4\Tp4.csproj", "{FF43E3FA-1DF2-4C62-8679-C4A242D50923}"
EndProject
Project("{FAE04EC0-301F-11D3-BF4B-00C04F79EFBC}") = "Tp4.Android", "Tp4\Tp4.Android\Tp4.Android.csproj", "{883182C8-F8DA-494B-95DC-BFB769F385CE}"
EndProject
Project("{2150E333-8FDC-42A3-9474-1A3956D46DE8}") = "Module8Tp5", "Module8Tp5", "{BECCAB63-BBB1-451E-B458-144EBF69BF63}"
EndProject
Project("{9A19103F-16F7-4668-BE54-9A1E7A4F7556}") = "Tp5", "Tp5\Tp5\Tp5.csproj", "{7A34E704-A193-4FA4-BC61-85288513DEB5}"
EndProject
Project("{FAE04EC0-301F-11D3-BF4B-00C04F79EFBC}") = "Tp5.UWP", "Tp5\Tp5.UWP\Tp5.UWP.csproj", "{93FD332F-1C4E-4854-AEF0-2142391C7947}"
EndProject
Project("{FAE04EC0-301F-11D3-BF4B-00C04F79EFBC}") = "Tp5.Android", "Tp5\Tp5.Android\Tp5.Android.csproj", "{2C51EEB1-EDA3-4707-9438-8BF07C65DAF3}"
EndProject
Project("{2150E333-8FDC-42A3-9474-1A3956D46DE8}") = "Module9Tp6", "Module9Tp6", "{9C47CC3E-E1A9-4610-94B5-C773EB8720A4}"
EndProject
Project("{9A19103F-16F7-4668-BE54-9A1E7A4F7556}") = "Tp6", "Tp6\Tp6\Tp6.csproj", "{58589364-3A61-4361-BA79-746C8078E296}"
EndProject
Project("{FAE04EC0-301F-11D3-BF4B-00C04F79EFBC}") = "Tp6.UWP", "Tp6\Tp6.UWP\Tp6.UWP.csproj", "{0129BDE5-538B-4197-8540-0BCF5770926F}"
EndProject
Project("{FAE04EC0-301F-11D3-BF4B-00C04F79EFBC}") = "Tp6.Android", "Tp6\Tp6.Android\Tp6.Android.csproj", "{60B6294B-CD13-4305-AA7A-66BAA3C70427}"
EndProject
Global
	GlobalSection(SolutionConfigurationPlatforms) = preSolution
		Debug|Any CPU = Debug|Any CPU
		Debug|ARM = Debug|ARM
		Debug|x64 = Debug|x64
		Debug|x86 = Debug|x86
		Release|Any CPU = Release|Any CPU
		Release|ARM = Release|ARM
		Release|x64 = Release|x64
		Release|x86 = Release|x86
	EndGlobalSection
	GlobalSection(ProjectConfigurationPlatforms) = postSolution
		{F27495D8-F200-4F34-B05D-27D079752846}.Debug|Any CPU.ActiveCfg = Debug|Any CPU
		{F27495D8-F200-4F34-B05D-27D079752846}.Debug|Any CPU.Build.0 = Debug|Any CPU
		{F27495D8-F200-4F34-B05D-27D079752846}.Debug|ARM.ActiveCfg = Debug|Any CPU
		{F27495D8-F200-4F34-B05D-27D079752846}.Debug|ARM.Build.0 = Debug|Any CPU
		{F27495D8-F200-4F34-B05D-27D079752846}.Debug|x64.ActiveCfg = Debug|Any CPU
		{F27495D8-F200-4F34-B05D-27D079752846}.Debug|x64.Build.0 = Debug|Any CPU
		{F27495D8-F200-4F34-B05D-27D079752846}.Debug|x86.ActiveCfg = Debug|Any CPU
		{F27495D8-F200-4F34-B05D-27D079752846}.Debug|x86.Build.0 = Debug|Any CPU
		{F27495D8-F200-4F34-B05D-27D079752846}.Release|Any CPU.ActiveCfg = Release|Any CPU
		{F27495D8-F200-4F34-B05D-27D079752846}.Release|Any CPU.Build.0 = Release|Any CPU
		{F27495D8-F200-4F34-B05D-27D079752846}.Release|ARM.ActiveCfg = Release|Any CPU
		{F27495D8-F200-4F34-B05D-27D079752846}.Release|ARM.Build.0 = Release|Any CPU
		{F27495D8-F200-4F34-B05D-27D079752846}.Release|x64.ActiveCfg = Release|Any CPU
		{F27495D8-F200-4F34-B05D-27D079752846}.Release|x64.Build.0 = Release|Any CPU
		{F27495D8-F200-4F34-B05D-27D079752846}.Release|x86.ActiveCfg = Release|Any CPU
		{F27495D8-F200-4F34-B05D-27D079752846}.Release|x86.Build.0 = Release|Any CPU
		{A4051445-357E-42C4-9292-F53A67451CA2}.Debug|Any CPU.ActiveCfg = Debug|x86
		{A4051445-357E-42C4-9292-F53A67451CA2}.Debug|Any CPU.Build.0 = Debug|x86
		{A4051445-357E-42C4-9292-F53A67451CA2}.Debug|Any CPU.Deploy.0 = Debug|x86
		{A4051445-357E-42C4-9292-F53A67451CA2}.Debug|ARM.ActiveCfg = Debug|ARM
		{A4051445-357E-42C4-9292-F53A67451CA2}.Debug|ARM.Build.0 = Debug|ARM
		{A4051445-357E-42C4-9292-F53A67451CA2}.Debug|ARM.Deploy.0 = Debug|ARM
		{A4051445-357E-42C4-9292-F53A67451CA2}.Debug|x64.ActiveCfg = Debug|x64
		{A4051445-357E-42C4-9292-F53A67451CA2}.Debug|x64.Build.0 = Debug|x64
		{A4051445-357E-42C4-9292-F53A67451CA2}.Debug|x64.Deploy.0 = Debug|x64
		{A4051445-357E-42C4-9292-F53A67451CA2}.Debug|x86.ActiveCfg = Debug|x86
		{A4051445-357E-42C4-9292-F53A67451CA2}.Debug|x86.Build.0 = Debug|x86
		{A4051445-357E-42C4-9292-F53A67451CA2}.Debug|x86.Deploy.0 = Debug|x86
		{A4051445-357E-42C4-9292-F53A67451CA2}.Release|Any CPU.ActiveCfg = Release|x86
		{A4051445-357E-42C4-9292-F53A67451CA2}.Release|ARM.ActiveCfg = Release|ARM
		{A4051445-357E-42C4-9292-F53A67451CA2}.Release|ARM.Build.0 = Release|ARM
		{A4051445-357E-42C4-9292-F53A67451CA2}.Release|ARM.Deploy.0 = Release|ARM
		{A4051445-357E-42C4-9292-F53A67451CA2}.Release|x64.ActiveCfg = Release|x64
		{A4051445-357E-42C4-9292-F53A67451CA2}.Release|x64.Build.0 = Release|x64
		{A4051445-357E-42C4-9292-F53A67451CA2}.Release|x64.Deploy.0 = Release|x64
		{A4051445-357E-42C4-9292-F53A67451CA2}.Release|x86.ActiveCfg = Release|x86
		{A4051445-357E-42C4-9292-F53A67451CA2}.Release|x86.Build.0 = Release|x86
		{A4051445-357E-42C4-9292-F53A67451CA2}.Release|x86.Deploy.0 = Release|x86
		{7FF1B92B-E016-4965-B5D0-B331752164EB}.Debug|Any CPU.ActiveCfg = Debug|Any CPU
		{7FF1B92B-E016-4965-B5D0-B331752164EB}.Debug|Any CPU.Build.0 = Debug|Any CPU
		{7FF1B92B-E016-4965-B5D0-B331752164EB}.Debug|Any CPU.Deploy.0 = Debug|Any CPU
		{7FF1B92B-E016-4965-B5D0-B331752164EB}.Debug|ARM.ActiveCfg = Debug|Any CPU
		{7FF1B92B-E016-4965-B5D0-B331752164EB}.Debug|ARM.Build.0 = Debug|Any CPU
		{7FF1B92B-E016-4965-B5D0-B331752164EB}.Debug|ARM.Deploy.0 = Debug|Any CPU
		{7FF1B92B-E016-4965-B5D0-B331752164EB}.Debug|x64.ActiveCfg = Debug|Any CPU
		{7FF1B92B-E016-4965-B5D0-B331752164EB}.Debug|x64.Build.0 = Debug|Any CPU
		{7FF1B92B-E016-4965-B5D0-B331752164EB}.Debug|x64.Deploy.0 = Debug|Any CPU
		{7FF1B92B-E016-4965-B5D0-B331752164EB}.Debug|x86.ActiveCfg = Debug|Any CPU
		{7FF1B92B-E016-4965-B5D0-B331752164EB}.Debug|x86.Build.0 = Debug|Any CPU
		{7FF1B92B-E016-4965-B5D0-B331752164EB}.Debug|x86.Deploy.0 = Debug|Any CPU
		{7FF1B92B-E016-4965-B5D0-B331752164EB}.Release|Any CPU.ActiveCfg = Release|Any CPU
		{7FF1B92B-E016-4965-B5D0-B331752164EB}.Release|Any CPU.Build.0 = Release|Any CPU
		{7FF1B92B-E016-4965-B5D0-B331752164EB}.Release|Any CPU.Deploy.0 = Release|Any CPU
		{7FF1B92B-E016-4965-B5D0-B331752164EB}.Release|ARM.ActiveCfg = Release|Any CPU
		{7FF1B92B-E016-4965-B5D0-B331752164EB}.Release|ARM.Build.0 = Release|Any CPU
		{7FF1B92B-E016-4965-B5D0-B331752164EB}.Release|ARM.Deploy.0 = Release|Any CPU
		{7FF1B92B-E016-4965-B5D0-B331752164EB}.Release|x64.ActiveCfg = Release|Any CPU
		{7FF1B92B-E016-4965-B5D0-B331752164EB}.Release|x64.Build.0 = Release|Any CPU
		{7FF1B92B-E016-4965-B5D0-B331752164EB}.Release|x64.Deploy.0 = Release|Any CPU
		{7FF1B92B-E016-4965-B5D0-B331752164EB}.Release|x86.ActiveCfg = Release|Any CPU
		{7FF1B92B-E016-4965-B5D0-B331752164EB}.Release|x86.Build.0 = Release|Any CPU
		{7FF1B92B-E016-4965-B5D0-B331752164EB}.Release|x86.Deploy.0 = Release|Any CPU
		{880C2506-4BFD-4D51-817F-E18B9E29EB12}.Debug|Any CPU.ActiveCfg = Debug|Any CPU
		{880C2506-4BFD-4D51-817F-E18B9E29EB12}.Debug|Any CPU.Build.0 = Debug|Any CPU
		{880C2506-4BFD-4D51-817F-E18B9E29EB12}.Debug|ARM.ActiveCfg = Debug|Any CPU
		{880C2506-4BFD-4D51-817F-E18B9E29EB12}.Debug|ARM.Build.0 = Debug|Any CPU
		{880C2506-4BFD-4D51-817F-E18B9E29EB12}.Debug|x64.ActiveCfg = Debug|Any CPU
		{880C2506-4BFD-4D51-817F-E18B9E29EB12}.Debug|x64.Build.0 = Debug|Any CPU
		{880C2506-4BFD-4D51-817F-E18B9E29EB12}.Debug|x86.ActiveCfg = Debug|Any CPU
		{880C2506-4BFD-4D51-817F-E18B9E29EB12}.Debug|x86.Build.0 = Debug|Any CPU
		{880C2506-4BFD-4D51-817F-E18B9E29EB12}.Release|Any CPU.ActiveCfg = Release|Any CPU
		{880C2506-4BFD-4D51-817F-E18B9E29EB12}.Release|Any CPU.Build.0 = Release|Any CPU
		{880C2506-4BFD-4D51-817F-E18B9E29EB12}.Release|ARM.ActiveCfg = Release|Any CPU
		{880C2506-4BFD-4D51-817F-E18B9E29EB12}.Release|ARM.Build.0 = Release|Any CPU
		{880C2506-4BFD-4D51-817F-E18B9E29EB12}.Release|x64.ActiveCfg = Release|Any CPU
		{880C2506-4BFD-4D51-817F-E18B9E29EB12}.Release|x64.Build.0 = Release|Any CPU
		{880C2506-4BFD-4D51-817F-E18B9E29EB12}.Release|x86.ActiveCfg = Release|Any CPU
		{880C2506-4BFD-4D51-817F-E18B9E29EB12}.Release|x86.Build.0 = Release|Any CPU
		{32F42488-D3FE-47C7-BA01-2F504467D777}.Debug|Any CPU.ActiveCfg = Debug|x86
		{32F42488-D3FE-47C7-BA01-2F504467D777}.Debug|ARM.ActiveCfg = Debug|ARM
		{32F42488-D3FE-47C7-BA01-2F504467D777}.Debug|ARM.Build.0 = Debug|ARM
		{32F42488-D3FE-47C7-BA01-2F504467D777}.Debug|ARM.Deploy.0 = Debug|ARM
		{32F42488-D3FE-47C7-BA01-2F504467D777}.Debug|x64.ActiveCfg = Debug|x64
		{32F42488-D3FE-47C7-BA01-2F504467D777}.Debug|x64.Build.0 = Debug|x64
		{32F42488-D3FE-47C7-BA01-2F504467D777}.Debug|x64.Deploy.0 = Debug|x64
		{32F42488-D3FE-47C7-BA01-2F504467D777}.Debug|x86.ActiveCfg = Debug|x86
		{32F42488-D3FE-47C7-BA01-2F504467D777}.Debug|x86.Build.0 = Debug|x86
		{32F42488-D3FE-47C7-BA01-2F504467D777}.Debug|x86.Deploy.0 = Debug|x86
		{32F42488-D3FE-47C7-BA01-2F504467D777}.Release|Any CPU.ActiveCfg = Release|x86
		{32F42488-D3FE-47C7-BA01-2F504467D777}.Release|ARM.ActiveCfg = Release|ARM
		{32F42488-D3FE-47C7-BA01-2F504467D777}.Release|ARM.Build.0 = Release|ARM
		{32F42488-D3FE-47C7-BA01-2F504467D777}.Release|ARM.Deploy.0 = Release|ARM
		{32F42488-D3FE-47C7-BA01-2F504467D777}.Release|x64.ActiveCfg = Release|x64
		{32F42488-D3FE-47C7-BA01-2F504467D777}.Release|x64.Build.0 = Release|x64
		{32F42488-D3FE-47C7-BA01-2F504467D777}.Release|x64.Deploy.0 = Release|x64
		{32F42488-D3FE-47C7-BA01-2F504467D777}.Release|x86.ActiveCfg = Release|x86
		{32F42488-D3FE-47C7-BA01-2F504467D777}.Release|x86.Build.0 = Release|x86
		{32F42488-D3FE-47C7-BA01-2F504467D777}.Release|x86.Deploy.0 = Release|x86
		{9971AC8F-3138-4819-8226-783D12CE2A41}.Debug|Any CPU.ActiveCfg = Debug|Any CPU
		{9971AC8F-3138-4819-8226-783D12CE2A41}.Debug|Any CPU.Build.0 = Debug|Any CPU
		{9971AC8F-3138-4819-8226-783D12CE2A41}.Debug|Any CPU.Deploy.0 = Debug|Any CPU
		{9971AC8F-3138-4819-8226-783D12CE2A41}.Debug|ARM.ActiveCfg = Debug|Any CPU
		{9971AC8F-3138-4819-8226-783D12CE2A41}.Debug|ARM.Build.0 = Debug|Any CPU
		{9971AC8F-3138-4819-8226-783D12CE2A41}.Debug|ARM.Deploy.0 = Debug|Any CPU
		{9971AC8F-3138-4819-8226-783D12CE2A41}.Debug|x64.ActiveCfg = Debug|Any CPU
		{9971AC8F-3138-4819-8226-783D12CE2A41}.Debug|x64.Build.0 = Debug|Any CPU
		{9971AC8F-3138-4819-8226-783D12CE2A41}.Debug|x64.Deploy.0 = Debug|Any CPU
		{9971AC8F-3138-4819-8226-783D12CE2A41}.Debug|x86.ActiveCfg = Debug|Any CPU
		{9971AC8F-3138-4819-8226-783D12CE2A41}.Debug|x86.Build.0 = Debug|Any CPU
		{9971AC8F-3138-4819-8226-783D12CE2A41}.Debug|x86.Deploy.0 = Debug|Any CPU
		{9971AC8F-3138-4819-8226-783D12CE2A41}.Release|Any CPU.ActiveCfg = Release|Any CPU
		{9971AC8F-3138-4819-8226-783D12CE2A41}.Release|Any CPU.Build.0 = Release|Any CPU
		{9971AC8F-3138-4819-8226-783D12CE2A41}.Release|Any CPU.Deploy.0 = Release|Any CPU
		{9971AC8F-3138-4819-8226-783D12CE2A41}.Release|ARM.ActiveCfg = Release|Any CPU
		{9971AC8F-3138-4819-8226-783D12CE2A41}.Release|ARM.Build.0 = Release|Any CPU
		{9971AC8F-3138-4819-8226-783D12CE2A41}.Release|ARM.Deploy.0 = Release|Any CPU
		{9971AC8F-3138-4819-8226-783D12CE2A41}.Release|x64.ActiveCfg = Release|Any CPU
		{9971AC8F-3138-4819-8226-783D12CE2A41}.Release|x64.Build.0 = Release|Any CPU
		{9971AC8F-3138-4819-8226-783D12CE2A41}.Release|x64.Deploy.0 = Release|Any CPU
		{9971AC8F-3138-4819-8226-783D12CE2A41}.Release|x86.ActiveCfg = Release|Any CPU
		{9971AC8F-3138-4819-8226-783D12CE2A41}.Release|x86.Build.0 = Release|Any CPU
		{9971AC8F-3138-4819-8226-783D12CE2A41}.Release|x86.Deploy.0 = Release|Any CPU
		{A1252C00-AF9D-47C1-90BE-8D32E079661D}.Debug|Any CPU.ActiveCfg = Debug|Any CPU
		{A1252C00-AF9D-47C1-90BE-8D32E079661D}.Debug|Any CPU.Build.0 = Debug|Any CPU
		{A1252C00-AF9D-47C1-90BE-8D32E079661D}.Debug|ARM.ActiveCfg = Debug|Any CPU
		{A1252C00-AF9D-47C1-90BE-8D32E079661D}.Debug|ARM.Build.0 = Debug|Any CPU
		{A1252C00-AF9D-47C1-90BE-8D32E079661D}.Debug|x64.ActiveCfg = Debug|Any CPU
		{A1252C00-AF9D-47C1-90BE-8D32E079661D}.Debug|x64.Build.0 = Debug|Any CPU
		{A1252C00-AF9D-47C1-90BE-8D32E079661D}.Debug|x86.ActiveCfg = Debug|Any CPU
		{A1252C00-AF9D-47C1-90BE-8D32E079661D}.Debug|x86.Build.0 = Debug|Any CPU
		{A1252C00-AF9D-47C1-90BE-8D32E079661D}.Release|Any CPU.ActiveCfg = Release|Any CPU
		{A1252C00-AF9D-47C1-90BE-8D32E079661D}.Release|Any CPU.Build.0 = Release|Any CPU
		{A1252C00-AF9D-47C1-90BE-8D32E079661D}.Release|ARM.ActiveCfg = Release|Any CPU
		{A1252C00-AF9D-47C1-90BE-8D32E079661D}.Release|ARM.Build.0 = Release|Any CPU
		{A1252C00-AF9D-47C1-90BE-8D32E079661D}.Release|x64.ActiveCfg = Release|Any CPU
		{A1252C00-AF9D-47C1-90BE-8D32E079661D}.Release|x64.Build.0 = Release|Any CPU
		{A1252C00-AF9D-47C1-90BE-8D32E079661D}.Release|x86.ActiveCfg = Release|Any CPU
		{A1252C00-AF9D-47C1-90BE-8D32E079661D}.Release|x86.Build.0 = Release|Any CPU
		{C2F77A58-FEB8-4BCC-A925-883EB22B2CF0}.Debug|Any CPU.ActiveCfg = Debug|x86
		{C2F77A58-FEB8-4BCC-A925-883EB22B2CF0}.Debug|ARM.ActiveCfg = Debug|ARM
		{C2F77A58-FEB8-4BCC-A925-883EB22B2CF0}.Debug|ARM.Build.0 = Debug|ARM
		{C2F77A58-FEB8-4BCC-A925-883EB22B2CF0}.Debug|ARM.Deploy.0 = Debug|ARM
		{C2F77A58-FEB8-4BCC-A925-883EB22B2CF0}.Debug|x64.ActiveCfg = Debug|x64
		{C2F77A58-FEB8-4BCC-A925-883EB22B2CF0}.Debug|x64.Build.0 = Debug|x64
		{C2F77A58-FEB8-4BCC-A925-883EB22B2CF0}.Debug|x64.Deploy.0 = Debug|x64
		{C2F77A58-FEB8-4BCC-A925-883EB22B2CF0}.Debug|x86.ActiveCfg = Debug|x86
		{C2F77A58-FEB8-4BCC-A925-883EB22B2CF0}.Debug|x86.Build.0 = Debug|x86
		{C2F77A58-FEB8-4BCC-A925-883EB22B2CF0}.Debug|x86.Deploy.0 = Debug|x86
		{C2F77A58-FEB8-4BCC-A925-883EB22B2CF0}.Release|Any CPU.ActiveCfg = Release|x86
		{C2F77A58-FEB8-4BCC-A925-883EB22B2CF0}.Release|ARM.ActiveCfg = Release|ARM
		{C2F77A58-FEB8-4BCC-A925-883EB22B2CF0}.Release|ARM.Build.0 = Release|ARM
		{C2F77A58-FEB8-4BCC-A925-883EB22B2CF0}.Release|ARM.Deploy.0 = Release|ARM
		{C2F77A58-FEB8-4BCC-A925-883EB22B2CF0}.Release|x64.ActiveCfg = Release|x64
		{C2F77A58-FEB8-4BCC-A925-883EB22B2CF0}.Release|x64.Build.0 = Release|x64
		{C2F77A58-FEB8-4BCC-A925-883EB22B2CF0}.Release|x64.Deploy.0 = Release|x64
		{C2F77A58-FEB8-4BCC-A925-883EB22B2CF0}.Release|x86.ActiveCfg = Release|x86
		{C2F77A58-FEB8-4BCC-A925-883EB22B2CF0}.Release|x86.Build.0 = Release|x86
		{C2F77A58-FEB8-4BCC-A925-883EB22B2CF0}.Release|x86.Deploy.0 = Release|x86
		{D649A6D8-A09F-4B41-A085-7209370A8F5D}.Debug|Any CPU.ActiveCfg = Debug|Any CPU
		{D649A6D8-A09F-4B41-A085-7209370A8F5D}.Debug|Any CPU.Build.0 = Debug|Any CPU
		{D649A6D8-A09F-4B41-A085-7209370A8F5D}.Debug|Any CPU.Deploy.0 = Debug|Any CPU
		{D649A6D8-A09F-4B41-A085-7209370A8F5D}.Debug|ARM.ActiveCfg = Debug|Any CPU
		{D649A6D8-A09F-4B41-A085-7209370A8F5D}.Debug|ARM.Build.0 = Debug|Any CPU
		{D649A6D8-A09F-4B41-A085-7209370A8F5D}.Debug|ARM.Deploy.0 = Debug|Any CPU
		{D649A6D8-A09F-4B41-A085-7209370A8F5D}.Debug|x64.ActiveCfg = Debug|Any CPU
		{D649A6D8-A09F-4B41-A085-7209370A8F5D}.Debug|x64.Build.0 = Debug|Any CPU
		{D649A6D8-A09F-4B41-A085-7209370A8F5D}.Debug|x64.Deploy.0 = Debug|Any CPU
		{D649A6D8-A09F-4B41-A085-7209370A8F5D}.Debug|x86.ActiveCfg = Debug|Any CPU
		{D649A6D8-A09F-4B41-A085-7209370A8F5D}.Debug|x86.Build.0 = Debug|Any CPU
		{D649A6D8-A09F-4B41-A085-7209370A8F5D}.Debug|x86.Deploy.0 = Debug|Any CPU
		{D649A6D8-A09F-4B41-A085-7209370A8F5D}.Release|Any CPU.ActiveCfg = Release|Any CPU
		{D649A6D8-A09F-4B41-A085-7209370A8F5D}.Release|Any CPU.Build.0 = Release|Any CPU
		{D649A6D8-A09F-4B41-A085-7209370A8F5D}.Release|Any CPU.Deploy.0 = Release|Any CPU
		{D649A6D8-A09F-4B41-A085-7209370A8F5D}.Release|ARM.ActiveCfg = Release|Any CPU
		{D649A6D8-A09F-4B41-A085-7209370A8F5D}.Release|ARM.Build.0 = Release|Any CPU
		{D649A6D8-A09F-4B41-A085-7209370A8F5D}.Release|ARM.Deploy.0 = Release|Any CPU
		{D649A6D8-A09F-4B41-A085-7209370A8F5D}.Release|x64.ActiveCfg = Release|Any CPU
		{D649A6D8-A09F-4B41-A085-7209370A8F5D}.Release|x64.Build.0 = Release|Any CPU
		{D649A6D8-A09F-4B41-A085-7209370A8F5D}.Release|x64.Deploy.0 = Release|Any CPU
		{D649A6D8-A09F-4B41-A085-7209370A8F5D}.Release|x86.ActiveCfg = Release|Any CPU
		{D649A6D8-A09F-4B41-A085-7209370A8F5D}.Release|x86.Build.0 = Release|Any CPU
		{D649A6D8-A09F-4B41-A085-7209370A8F5D}.Release|x86.Deploy.0 = Release|Any CPU
		{FF43E3FA-1DF2-4C62-8679-C4A242D50923}.Debug|Any CPU.ActiveCfg = Debug|Any CPU
		{FF43E3FA-1DF2-4C62-8679-C4A242D50923}.Debug|Any CPU.Build.0 = Debug|Any CPU
		{FF43E3FA-1DF2-4C62-8679-C4A242D50923}.Debug|ARM.ActiveCfg = Debug|Any CPU
		{FF43E3FA-1DF2-4C62-8679-C4A242D50923}.Debug|ARM.Build.0 = Debug|Any CPU
		{FF43E3FA-1DF2-4C62-8679-C4A242D50923}.Debug|x64.ActiveCfg = Debug|Any CPU
		{FF43E3FA-1DF2-4C62-8679-C4A242D50923}.Debug|x64.Build.0 = Debug|Any CPU
		{FF43E3FA-1DF2-4C62-8679-C4A242D50923}.Debug|x86.ActiveCfg = Debug|Any CPU
		{FF43E3FA-1DF2-4C62-8679-C4A242D50923}.Debug|x86.Build.0 = Debug|Any CPU
		{FF43E3FA-1DF2-4C62-8679-C4A242D50923}.Release|Any CPU.ActiveCfg = Release|Any CPU
		{FF43E3FA-1DF2-4C62-8679-C4A242D50923}.Release|Any CPU.Build.0 = Release|Any CPU
		{FF43E3FA-1DF2-4C62-8679-C4A242D50923}.Release|ARM.ActiveCfg = Release|Any CPU
		{FF43E3FA-1DF2-4C62-8679-C4A242D50923}.Release|ARM.Build.0 = Release|Any CPU
		{FF43E3FA-1DF2-4C62-8679-C4A242D50923}.Release|x64.ActiveCfg = Release|Any CPU
		{FF43E3FA-1DF2-4C62-8679-C4A242D50923}.Release|x64.Build.0 = Release|Any CPU
		{FF43E3FA-1DF2-4C62-8679-C4A242D50923}.Release|x86.ActiveCfg = Release|Any CPU
		{FF43E3FA-1DF2-4C62-8679-C4A242D50923}.Release|x86.Build.0 = Release|Any CPU
		{883182C8-F8DA-494B-95DC-BFB769F385CE}.Debug|Any CPU.ActiveCfg = Debug|Any CPU
		{883182C8-F8DA-494B-95DC-BFB769F385CE}.Debug|Any CPU.Build.0 = Debug|Any CPU
		{883182C8-F8DA-494B-95DC-BFB769F385CE}.Debug|Any CPU.Deploy.0 = Debug|Any CPU
		{883182C8-F8DA-494B-95DC-BFB769F385CE}.Debug|ARM.ActiveCfg = Debug|Any CPU
		{883182C8-F8DA-494B-95DC-BFB769F385CE}.Debug|ARM.Build.0 = Debug|Any CPU
		{883182C8-F8DA-494B-95DC-BFB769F385CE}.Debug|ARM.Deploy.0 = Debug|Any CPU
		{883182C8-F8DA-494B-95DC-BFB769F385CE}.Debug|x64.ActiveCfg = Debug|Any CPU
		{883182C8-F8DA-494B-95DC-BFB769F385CE}.Debug|x64.Build.0 = Debug|Any CPU
		{883182C8-F8DA-494B-95DC-BFB769F385CE}.Debug|x64.Deploy.0 = Debug|Any CPU
		{883182C8-F8DA-494B-95DC-BFB769F385CE}.Debug|x86.ActiveCfg = Debug|Any CPU
		{883182C8-F8DA-494B-95DC-BFB769F385CE}.Debug|x86.Build.0 = Debug|Any CPU
		{883182C8-F8DA-494B-95DC-BFB769F385CE}.Debug|x86.Deploy.0 = Debug|Any CPU
		{883182C8-F8DA-494B-95DC-BFB769F385CE}.Release|Any CPU.ActiveCfg = Release|Any CPU
		{883182C8-F8DA-494B-95DC-BFB769F385CE}.Release|Any CPU.Build.0 = Release|Any CPU
		{883182C8-F8DA-494B-95DC-BFB769F385CE}.Release|Any CPU.Deploy.0 = Release|Any CPU
		{883182C8-F8DA-494B-95DC-BFB769F385CE}.Release|ARM.ActiveCfg = Release|Any CPU
		{883182C8-F8DA-494B-95DC-BFB769F385CE}.Release|ARM.Build.0 = Release|Any CPU
		{883182C8-F8DA-494B-95DC-BFB769F385CE}.Release|ARM.Deploy.0 = Release|Any CPU
		{883182C8-F8DA-494B-95DC-BFB769F385CE}.Release|x64.ActiveCfg = Release|Any CPU
		{883182C8-F8DA-494B-95DC-BFB769F385CE}.Release|x64.Build.0 = Release|Any CPU
		{883182C8-F8DA-494B-95DC-BFB769F385CE}.Release|x64.Deploy.0 = Release|Any CPU
		{883182C8-F8DA-494B-95DC-BFB769F385CE}.Release|x86.ActiveCfg = Release|Any CPU
		{883182C8-F8DA-494B-95DC-BFB769F385CE}.Release|x86.Build.0 = Release|Any CPU
		{883182C8-F8DA-494B-95DC-BFB769F385CE}.Release|x86.Deploy.0 = Release|Any CPU
		{7A34E704-A193-4FA4-BC61-85288513DEB5}.Debug|Any CPU.ActiveCfg = Debug|Any CPU
		{7A34E704-A193-4FA4-BC61-85288513DEB5}.Debug|Any CPU.Build.0 = Debug|Any CPU
		{7A34E704-A193-4FA4-BC61-85288513DEB5}.Debug|ARM.ActiveCfg = Debug|Any CPU
		{7A34E704-A193-4FA4-BC61-85288513DEB5}.Debug|ARM.Build.0 = Debug|Any CPU
		{7A34E704-A193-4FA4-BC61-85288513DEB5}.Debug|x64.ActiveCfg = Debug|Any CPU
		{7A34E704-A193-4FA4-BC61-85288513DEB5}.Debug|x64.Build.0 = Debug|Any CPU
		{7A34E704-A193-4FA4-BC61-85288513DEB5}.Debug|x86.ActiveCfg = Debug|Any CPU
		{7A34E704-A193-4FA4-BC61-85288513DEB5}.Debug|x86.Build.0 = Debug|Any CPU
		{7A34E704-A193-4FA4-BC61-85288513DEB5}.Release|Any CPU.ActiveCfg = Release|Any CPU
		{7A34E704-A193-4FA4-BC61-85288513DEB5}.Release|Any CPU.Build.0 = Release|Any CPU
		{7A34E704-A193-4FA4-BC61-85288513DEB5}.Release|ARM.ActiveCfg = Release|Any CPU
		{7A34E704-A193-4FA4-BC61-85288513DEB5}.Release|ARM.Build.0 = Release|Any CPU
		{7A34E704-A193-4FA4-BC61-85288513DEB5}.Release|x64.ActiveCfg = Release|Any CPU
		{7A34E704-A193-4FA4-BC61-85288513DEB5}.Release|x64.Build.0 = Release|Any CPU
		{7A34E704-A193-4FA4-BC61-85288513DEB5}.Release|x86.ActiveCfg = Release|Any CPU
		{7A34E704-A193-4FA4-BC61-85288513DEB5}.Release|x86.Build.0 = Release|Any CPU
		{93FD332F-1C4E-4854-AEF0-2142391C7947}.Debug|Any CPU.ActiveCfg = Debug|x86
		{93FD332F-1C4E-4854-AEF0-2142391C7947}.Debug|ARM.ActiveCfg = Debug|ARM
		{93FD332F-1C4E-4854-AEF0-2142391C7947}.Debug|ARM.Build.0 = Debug|ARM
		{93FD332F-1C4E-4854-AEF0-2142391C7947}.Debug|ARM.Deploy.0 = Debug|ARM
		{93FD332F-1C4E-4854-AEF0-2142391C7947}.Debug|x64.ActiveCfg = Debug|x64
		{93FD332F-1C4E-4854-AEF0-2142391C7947}.Debug|x64.Build.0 = Debug|x64
		{93FD332F-1C4E-4854-AEF0-2142391C7947}.Debug|x64.Deploy.0 = Debug|x64
		{93FD332F-1C4E-4854-AEF0-2142391C7947}.Debug|x86.ActiveCfg = Debug|x86
		{93FD332F-1C4E-4854-AEF0-2142391C7947}.Debug|x86.Build.0 = Debug|x86
		{93FD332F-1C4E-4854-AEF0-2142391C7947}.Debug|x86.Deploy.0 = Debug|x86
		{93FD332F-1C4E-4854-AEF0-2142391C7947}.Release|Any CPU.ActiveCfg = Release|x86
		{93FD332F-1C4E-4854-AEF0-2142391C7947}.Release|ARM.ActiveCfg = Release|ARM
		{93FD332F-1C4E-4854-AEF0-2142391C7947}.Release|ARM.Build.0 = Release|ARM
		{93FD332F-1C4E-4854-AEF0-2142391C7947}.Release|ARM.Deploy.0 = Release|ARM
		{93FD332F-1C4E-4854-AEF0-2142391C7947}.Release|x64.ActiveCfg = Release|x64
		{93FD332F-1C4E-4854-AEF0-2142391C7947}.Release|x64.Build.0 = Release|x64
		{93FD332F-1C4E-4854-AEF0-2142391C7947}.Release|x64.Deploy.0 = Release|x64
		{93FD332F-1C4E-4854-AEF0-2142391C7947}.Release|x86.ActiveCfg = Release|x86
		{93FD332F-1C4E-4854-AEF0-2142391C7947}.Release|x86.Build.0 = Release|x86
		{93FD332F-1C4E-4854-AEF0-2142391C7947}.Release|x86.Deploy.0 = Release|x86
		{2C51EEB1-EDA3-4707-9438-8BF07C65DAF3}.Debug|Any CPU.ActiveCfg = Debug|Any CPU
		{2C51EEB1-EDA3-4707-9438-8BF07C65DAF3}.Debug|Any CPU.Build.0 = Debug|Any CPU
		{2C51EEB1-EDA3-4707-9438-8BF07C65DAF3}.Debug|Any CPU.Deploy.0 = Debug|Any CPU
		{2C51EEB1-EDA3-4707-9438-8BF07C65DAF3}.Debug|ARM.ActiveCfg = Debug|Any CPU
		{2C51EEB1-EDA3-4707-9438-8BF07C65DAF3}.Debug|ARM.Build.0 = Debug|Any CPU
		{2C51EEB1-EDA3-4707-9438-8BF07C65DAF3}.Debug|ARM.Deploy.0 = Debug|Any CPU
		{2C51EEB1-EDA3-4707-9438-8BF07C65DAF3}.Debug|x64.ActiveCfg = Debug|Any CPU
		{2C51EEB1-EDA3-4707-9438-8BF07C65DAF3}.Debug|x64.Build.0 = Debug|Any CPU
		{2C51EEB1-EDA3-4707-9438-8BF07C65DAF3}.Debug|x64.Deploy.0 = Debug|Any CPU
		{2C51EEB1-EDA3-4707-9438-8BF07C65DAF3}.Debug|x86.ActiveCfg = Debug|Any CPU
		{2C51EEB1-EDA3-4707-9438-8BF07C65DAF3}.Debug|x86.Build.0 = Debug|Any CPU
		{2C51EEB1-EDA3-4707-9438-8BF07C65DAF3}.Debug|x86.Deploy.0 = Debug|Any CPU
		{2C51EEB1-EDA3-4707-9438-8BF07C65DAF3}.Release|Any CPU.ActiveCfg = Release|Any CPU
		{2C51EEB1-EDA3-4707-9438-8BF07C65DAF3}.Release|Any CPU.Build.0 = Release|Any CPU
		{2C51EEB1-EDA3-4707-9438-8BF07C65DAF3}.Release|Any CPU.Deploy.0 = Release|Any CPU
		{2C51EEB1-EDA3-4707-9438-8BF07C65DAF3}.Release|ARM.ActiveCfg = Release|Any CPU
		{2C51EEB1-EDA3-4707-9438-8BF07C65DAF3}.Release|ARM.Build.0 = Release|Any CPU
		{2C51EEB1-EDA3-4707-9438-8BF07C65DAF3}.Release|ARM.Deploy.0 = Release|Any CPU
		{2C51EEB1-EDA3-4707-9438-8BF07C65DAF3}.Release|x64.ActiveCfg = Release|Any CPU
		{2C51EEB1-EDA3-4707-9438-8BF07C65DAF3}.Release|x64.Build.0 = Release|Any CPU
		{2C51EEB1-EDA3-4707-9438-8BF07C65DAF3}.Release|x64.Deploy.0 = Release|Any CPU
		{2C51EEB1-EDA3-4707-9438-8BF07C65DAF3}.Release|x86.ActiveCfg = Release|Any CPU
		{2C51EEB1-EDA3-4707-9438-8BF07C65DAF3}.Release|x86.Build.0 = Release|Any CPU
		{2C51EEB1-EDA3-4707-9438-8BF07C65DAF3}.Release|x86.Deploy.0 = Release|Any CPU
		{58589364-3A61-4361-BA79-746C8078E296}.Debug|Any CPU.ActiveCfg = Debug|Any CPU
		{58589364-3A61-4361-BA79-746C8078E296}.Debug|Any CPU.Build.0 = Debug|Any CPU
		{58589364-3A61-4361-BA79-746C8078E296}.Debug|ARM.ActiveCfg = Debug|Any CPU
		{58589364-3A61-4361-BA79-746C8078E296}.Debug|ARM.Build.0 = Debug|Any CPU
		{58589364-3A61-4361-BA79-746C8078E296}.Debug|x64.ActiveCfg = Debug|Any CPU
		{58589364-3A61-4361-BA79-746C8078E296}.Debug|x64.Build.0 = Debug|Any CPU
		{58589364-3A61-4361-BA79-746C8078E296}.Debug|x86.ActiveCfg = Debug|Any CPU
		{58589364-3A61-4361-BA79-746C8078E296}.Debug|x86.Build.0 = Debug|Any CPU
		{58589364-3A61-4361-BA79-746C8078E296}.Release|Any CPU.ActiveCfg = Release|Any CPU
		{58589364-3A61-4361-BA79-746C8078E296}.Release|Any CPU.Build.0 = Release|Any CPU
		{58589364-3A61-4361-BA79-746C8078E296}.Release|ARM.ActiveCfg = Release|Any CPU
		{58589364-3A61-4361-BA79-746C8078E296}.Release|ARM.Build.0 = Release|Any CPU
		{58589364-3A61-4361-BA79-746C8078E296}.Release|x64.ActiveCfg = Release|Any CPU
		{58589364-3A61-4361-BA79-746C8078E296}.Release|x64.Build.0 = Release|Any CPU
		{58589364-3A61-4361-BA79-746C8078E296}.Release|x86.ActiveCfg = Release|Any CPU
		{58589364-3A61-4361-BA79-746C8078E296}.Release|x86.Build.0 = Release|Any CPU
		{0129BDE5-538B-4197-8540-0BCF5770926F}.Debug|Any CPU.ActiveCfg = Debug|x86
		{0129BDE5-538B-4197-8540-0BCF5770926F}.Debug|ARM.ActiveCfg = Debug|ARM
		{0129BDE5-538B-4197-8540-0BCF5770926F}.Debug|ARM.Build.0 = Debug|ARM
		{0129BDE5-538B-4197-8540-0BCF5770926F}.Debug|ARM.Deploy.0 = Debug|ARM
		{0129BDE5-538B-4197-8540-0BCF5770926F}.Debug|x64.ActiveCfg = Debug|x64
		{0129BDE5-538B-4197-8540-0BCF5770926F}.Debug|x64.Build.0 = Debug|x64
		{0129BDE5-538B-4197-8540-0BCF5770926F}.Debug|x64.Deploy.0 = Debug|x64
		{0129BDE5-538B-4197-8540-0BCF5770926F}.Debug|x86.ActiveCfg = Debug|x86
		{0129BDE5-538B-4197-8540-0BCF5770926F}.Debug|x86.Build.0 = Debug|x86
		{0129BDE5-538B-4197-8540-0BCF5770926F}.Debug|x86.Deploy.0 = Debug|x86
		{0129BDE5-538B-4197-8540-0BCF5770926F}.Release|Any CPU.ActiveCfg = Release|x86
		{0129BDE5-538B-4197-8540-0BCF5770926F}.Release|ARM.ActiveCfg = Release|ARM
		{0129BDE5-538B-4197-8540-0BCF5770926F}.Release|ARM.Build.0 = Release|ARM
		{0129BDE5-538B-4197-8540-0BCF5770926F}.Release|ARM.Deploy.0 = Release|ARM
		{0129BDE5-538B-4197-8540-0BCF5770926F}.Release|x64.ActiveCfg = Release|x64
		{0129BDE5-538B-4197-8540-0BCF5770926F}.Release|x64.Build.0 = Release|x64
		{0129BDE5-538B-4197-8540-0BCF5770926F}.Release|x64.Deploy.0 = Release|x64
		{0129BDE5-538B-4197-8540-0BCF5770926F}.Release|x86.ActiveCfg = Release|x86
		{0129BDE5-538B-4197-8540-0BCF5770926F}.Release|x86.Build.0 = Release|x86
		{0129BDE5-538B-4197-8540-0BCF5770926F}.Release|x86.Deploy.0 = Release|x86
		{60B6294B-CD13-4305-AA7A-66BAA3C70427}.Debug|Any CPU.ActiveCfg = Debug|Any CPU
		{60B6294B-CD13-4305-AA7A-66BAA3C70427}.Debug|Any CPU.Build.0 = Debug|Any CPU
		{60B6294B-CD13-4305-AA7A-66BAA3C70427}.Debug|Any CPU.Deploy.0 = Debug|Any CPU
		{60B6294B-CD13-4305-AA7A-66BAA3C70427}.Debug|ARM.ActiveCfg = Debug|Any CPU
		{60B6294B-CD13-4305-AA7A-66BAA3C70427}.Debug|ARM.Build.0 = Debug|Any CPU
		{60B6294B-CD13-4305-AA7A-66BAA3C70427}.Debug|ARM.Deploy.0 = Debug|Any CPU
		{60B6294B-CD13-4305-AA7A-66BAA3C70427}.Debug|x64.ActiveCfg = Debug|Any CPU
		{60B6294B-CD13-4305-AA7A-66BAA3C70427}.Debug|x64.Build.0 = Debug|Any CPU
		{60B6294B-CD13-4305-AA7A-66BAA3C70427}.Debug|x64.Deploy.0 = Debug|Any CPU
		{60B6294B-CD13-4305-AA7A-66BAA3C70427}.Debug|x86.ActiveCfg = Debug|Any CPU
		{60B6294B-CD13-4305-AA7A-66BAA3C70427}.Debug|x86.Build.0 = Debug|Any CPU
		{60B6294B-CD13-4305-AA7A-66BAA3C70427}.Debug|x86.Deploy.0 = Debug|Any CPU
		{60B6294B-CD13-4305-AA7A-66BAA3C70427}.Release|Any CPU.ActiveCfg = Release|Any CPU
		{60B6294B-CD13-4305-AA7A-66BAA3C70427}.Release|Any CPU.Build.0 = Release|Any CPU
		{60B6294B-CD13-4305-AA7A-66BAA3C70427}.Release|Any CPU.Deploy.0 = Release|Any CPU
		{60B6294B-CD13-4305-AA7A-66BAA3C70427}.Release|ARM.ActiveCfg = Release|Any CPU
		{60B6294B-CD13-4305-AA7A-66BAA3C70427}.Release|ARM.Build.0 = Release|Any CPU
		{60B6294B-CD13-4305-AA7A-66BAA3C70427}.Release|ARM.Deploy.0 = Release|Any CPU
		{60B6294B-CD13-4305-AA7A-66BAA3C70427}.Release|x64.ActiveCfg = Release|Any CPU
		{60B6294B-CD13-4305-AA7A-66BAA3C70427}.Release|x64.Build.0 = Release|Any CPU
		{60B6294B-CD13-4305-AA7A-66BAA3C70427}.Release|x64.Deploy.0 = Release|Any CPU
		{60B6294B-CD13-4305-AA7A-66BAA3C70427}.Release|x86.ActiveCfg = Release|Any CPU
		{60B6294B-CD13-4305-AA7A-66BAA3C70427}.Release|x86.Build.0 = Release|Any CPU
		{60B6294B-CD13-4305-AA7A-66BAA3C70427}.Release|x86.Deploy.0 = Release|Any CPU
	EndGlobalSection
	GlobalSection(SolutionProperties) = preSolution
		HideSolutionNode = FALSE
	EndGlobalSection
	GlobalSection(NestedProjects) = preSolution
		{F27495D8-F200-4F34-B05D-27D079752846} = {044312C5-C0FC-459A-8881-5B4033651540}
		{A4051445-357E-42C4-9292-F53A67451CA2} = {044312C5-C0FC-459A-8881-5B4033651540}
		{7FF1B92B-E016-4965-B5D0-B331752164EB} = {044312C5-C0FC-459A-8881-5B4033651540}
		{880C2506-4BFD-4D51-817F-E18B9E29EB12} = {C1F21703-9579-4C88-B2C5-ECB307FC31D1}
		{32F42488-D3FE-47C7-BA01-2F504467D777} = {C1F21703-9579-4C88-B2C5-ECB307FC31D1}
		{9971AC8F-3138-4819-8226-783D12CE2A41} = {C1F21703-9579-4C88-B2C5-ECB307FC31D1}
		{A1252C00-AF9D-47C1-90BE-8D32E079661D} = {2D80F8A8-9538-494D-A1F6-C24432698F41}
		{C2F77A58-FEB8-4BCC-A925-883EB22B2CF0} = {2D80F8A8-9538-494D-A1F6-C24432698F41}
		{D649A6D8-A09F-4B41-A085-7209370A8F5D} = {2D80F8A8-9538-494D-A1F6-C24432698F41}
		{FF43E3FA-1DF2-4C62-8679-C4A242D50923} = {77CA8A00-DB01-4378-9C8A-0F5989ED43FA}
		{883182C8-F8DA-494B-95DC-BFB769F385CE} = {77CA8A00-DB01-4378-9C8A-0F5989ED43FA}
		{7A34E704-A193-4FA4-BC61-85288513DEB5} = {BECCAB63-BBB1-451E-B458-144EBF69BF63}
		{93FD332F-1C4E-4854-AEF0-2142391C7947} = {BECCAB63-BBB1-451E-B458-144EBF69BF63}
		{2C51EEB1-EDA3-4707-9438-8BF07C65DAF3} = {BECCAB63-BBB1-451E-B458-144EBF69BF63}
		{58589364-3A61-4361-BA79-746C8078E296} = {9C47CC3E-E1A9-4610-94B5-C773EB8720A4}
		{0129BDE5-538B-4197-8540-0BCF5770926F} = {9C47CC3E-E1A9-4610-94B5-C773EB8720A4}
		{60B6294B-CD13-4305-AA7A-66BAA3C70427} = {9C47CC3E-E1A9-4610-94B5-C773EB8720A4}
	EndGlobalSection
	GlobalSection(ExtensibilityGlobals) = postSolution
		SolutionGuid = {C3DA5FBD-64C4-45B6-B42C-0A7625FEAE4B}
	EndGlobalSection
EndGlobal
