
Microsoft Visual Studio Solution File, Format Version 12.00
# Visual Studio Version 16
VisualStudioVersion = 16.0.29709.97
MinimumVisualStudioVersion = 10.0.40219.1
Project("{2150E333-8FDC-42A3-9474-1A3956D46DE8}") = "Module4Tp1", "Module4Tp1", "{044312C5-C0FC-459A-8881-5B4033651540}"
EndProject
Project("{9A19103F-16F7-4668-BE54-9A1E7A4F7556}") = "TP1", "TP1\TP1\TP1.csproj", "{F27495D8-F200-4F34-B05D-27D079752846}"
EndProject
Project("{FAE04EC0-301F-11D3-BF4B-00C04F79EFBC}") = "TP1.UWP", "TP1\TP1.UWP\TP1.UWP.csproj", "{A4051445-357E-42C4-9292-F53A67451CA2}"
EndProject
Project("{FAE04EC0-301F-11D3-BF4B-00C04F79EFBC}") = "TP1.Android", "TP1\TP1.Android\TP1.Android.csproj", "{7FF1B92B-E016-4965-B5D0-B331752164EB}"
EndProject
Project("{2150E333-8FDC-42A3-9474-1A3956D46DE8}") = "Module5Tp2", "Module5Tp2", "{C1F21703-9579-4C88-B2C5-ECB307FC31D1}"
EndProject
Project("{9A19103F-16F7-4668-BE54-9A1E7A4F7556}") = "Tp2", "Tp2\Tp2\Tp2.csproj", "{880C2506-4BFD-4D51-817F-E18B9E29EB12}"
EndProject
Project("{FAE04EC0-301F-11D3-BF4B-00C04F79EFBC}") = "Tp2.UWP", "Tp2\Tp2.UWP\Tp2.UWP.csproj", "{32F42488-D3FE-47C7-BA01-2F504467D777}"
EndProject
Project("{FAE04EC0-301F-11D3-BF4B-00C04F79EFBC}") = "Tp2.Android", "Tp2\Tp2.Android\Tp2.Android.csproj", "{9971AC8F-3138-4819-8226-783D12CE2A41}"
EndProject
Project("{2150E333-8FDC-42A3-9474-1A3956D46DE8}") = "Module6Tp3", "Module6Tp3", "{2D80F8A8-9538-494D-A1F6-C24432698F41}"
EndProject
Project("{9A19103F-16F7-4668-BE54-9A1E7A4F7556}") = "Tp3", "Tp3\Tp3\Tp3.csproj", "{A1252C00-AF9D-47C1-90BE-8D32E079661D}"
EndProject
Project("{FAE04EC0-301F-11D3-BF4B-00C04F79EFBC}") = "Tp3.UWP", "Tp3\Tp3.UWP\Tp3.UWP.csproj", "{C2F77A58-FEB8-4BCC-A925-883EB22B2CF0}"
EndProject
Project("{FAE04EC0-301F-11D3-BF4B-00C04F79EFBC}") = "Tp3.Android", "Tp3\Tp3.Android\Tp3.Android.csproj", "{D649A6D8-A09F-4B41-A085-7209370A8F5D}"
EndProject
Project("{2150E333-8FDC-42A3-9474-1A3956D46DE8}") = "Module7Tp4", "Module7Tp4", "{77CA8A00-DB01-4378-9C8A-0F5989ED43FA}"
	ProjectSection(SolutionItems) = preProject
		Tp4\Tp4.UWP\Tp4.UWP.csproj = Tp4\Tp4.UWP\Tp4.UWP.csproj
	EndProjectSection
EndProject
Project("{9A19103F-16F7-4668-BE54-9A1E7A4F7556}") = "Tp4", "Tp4\Tp4\Tp4.csproj", "{FF43E3FA-1DF2-4C62-8679-C4A242D50923}"
EndProject
Project("{FAE04EC0-301F-11D3-BF4B-00C04F79EFBC}") = "Tp4.Android", "Tp4\Tp4.Android\Tp4.Android.csproj", "{883182C8-F8DA-494B-95DC-BFB769F385CE}"
EndProject
Project("{2150E333-8FDC-42A3-9474-1A3956D46DE8}") = "Module8Tp5", "Module8Tp5", "{BECCAB63-BBB1-451E-B458-144EBF69BF63}"
EndProject
Project("{9A19103F-16F7-4668-BE54-9A1E7A4F7556}") = "Tp5", "Tp5\Tp5\Tp5.csproj", "{7A34E704-A193-4FA4-BC61-85288513DEB5}"
EndProject
Project("{FAE04EC0-301F-11D3-BF4B-00C04F79EFBC}") = "Tp5.UWP", "Tp5\Tp5.UWP\Tp5.UWP.csproj", "{93FD332F-1C4E-4854-AEF0-2142391C7947}"
EndProject
Project("{FAE04EC0-301F-11D3-BF4B-00C04F79EFBC}") = "Tp5.Android", "Tp5\Tp5.Android\Tp5.Android.csproj", "{2C51EEB1-EDA3-4707-9438-8BF07C65DAF3}"
EndProject
Project("{2150E333-8FDC-42A3-9474-1A3956D46DE8}") = "Module9Tp6", "Module9Tp6", "{9C47CC3E-E1A9-4610-94B5-C773EB8720A4}"
EndProject
Project("{9A19103F-16F7-4668-BE54-9A1E7A4F7556}") = "Tp6", "Tp6\Tp6\Tp6.csproj", "{58589364-3A61-4361-BA79-746C8078E296}"
EndProject
Project("{FAE04EC0-301F-11D3-BF4B-00C04F79EFBC}") = "Tp6.UWP", "Tp6\Tp6.UWP\Tp6.UWP.csproj", "{0129BDE5-538B-4197-8540-0BCF5770926F}"
EndProject
Project("{FAE04EC0-301F-11D3-BF4B-00C04F79EFBC}") = "Tp6.Android", "Tp6\Tp6.Android\Tp6.Android.csproj", "{60B6294B-CD13-4305-AA7A-66BAA3C70427}"
EndProject
Project("{2150E333-8FDC-42A3-9474-1A3956D46DE8}") = "ModuleXDemo", "ModuleXDemo", "{F1FCED6F-EA9F-4EA4-AFAC-E29A35CBC8CA}"
EndProject
Project("{2150E333-8FDC-42A3-9474-1A3956D46DE8}") = "ModuleXTp7", "ModuleXTp7", "{25E3DFBE-A602-46C2-93D8-6559BC3275FB}"
	ProjectSection(SolutionItems) = preProject
		Tp7-demo\EnonceTP7.txt = Tp7-demo\EnonceTP7.txt
	EndProjectSection
EndProject
Project("{2150E333-8FDC-42A3-9474-1A3956D46DE8}") = "ModuleXTp8", "ModuleXTp8", "{2A1E35A2-9898-44A2-B4A1-D7F9C0F830EE}"
	ProjectSection(SolutionItems) = preProject
		Tp8\EnonceTp8.txt = Tp8\EnonceTp8.txt
	EndProjectSection
EndProject
Project("{2150E333-8FDC-42A3-9474-1A3956D46DE8}") = "ModuleXTp9", "ModuleXTp9", "{95BD8D00-C44B-41D1-B2B3-DF1446CC9563}"
	ProjectSection(SolutionItems) = preProject
		Tp9\EnonceTp9.txt = Tp9\EnonceTp9.txt
	EndProjectSection
EndProject
Project("{9A19103F-16F7-4668-BE54-9A1E7A4F7556}") = "Tp7", "Tp7-demo\Tp7\Tp7.csproj", "{051B9BA9-7CF5-4D69-8F23-2FB99ED22DFA}"
EndProject
Project("{FAE04EC0-301F-11D3-BF4B-00C04F79EFBC}") = "Tp7.UWP", "Tp7-demo\Tp7.UWP\Tp7.UWP.csproj", "{9BE5AE8F-AACC-40E0-9345-263A3B4956D0}"
EndProject
Project("{FAE04EC0-301F-11D3-BF4B-00C04F79EFBC}") = "Tp7.Android", "Tp7-demo\Tp7.Android\Tp7.Android.csproj", "{A9560512-A503-445F-8FBB-153D7C37F408}"
EndProject
Project("{9A19103F-16F7-4668-BE54-9A1E7A4F7556}") = "Tp7Correction", "Tp7Correction\Tp7Correction\Tp7Correction.csproj", "{52402CFF-560D-4C8D-8846-9AF3EAD72F19}"
EndProject
Project("{FAE04EC0-301F-11D3-BF4B-00C04F79EFBC}") = "Tp7Correction.Android", "Tp7Correction\Tp7Correction.Android\Tp7Correction.Android.csproj", "{061DAFC7-983F-4347-A6FE-D1FC567B1698}"
EndProject
Project("{FAE04EC0-301F-11D3-BF4B-00C04F79EFBC}") = "Tp7Correction.UWP", "Tp7Correction\Tp7Correction.UWP\Tp7Correction.UWP.csproj", "{0C1AF8CA-58CE-44C2-A404-0C37E68F4857}"
EndProject
Project("{9A19103F-16F7-4668-BE54-9A1E7A4F7556}") = "Tp8", "Tp8\Tp8\Tp8.csproj", "{DDBBBDFE-EB15-4EEF-9311-9622DCAD8B5E}"
EndProject
Project("{FAE04EC0-301F-11D3-BF4B-00C04F79EFBC}") = "Tp8.Android", "Tp8\Tp8.Android\Tp8.Android.csproj", "{016ACB31-0705-4FAA-ACAD-DAD25C319F5B}"
EndProject
Project("{FAE04EC0-301F-11D3-BF4B-00C04F79EFBC}") = "Tp8.UWP", "Tp8\Tp8.UWP\Tp8.UWP.csproj", "{53ADA26F-0FDC-440A-86A3-DC38361669B3}"
EndProject
Project("{9A19103F-16F7-4668-BE54-9A1E7A4F7556}") = "Tp9", "Tp9\Tp9\Tp9.csproj", "{9BA3347C-9BE3-4AA1-8CEC-E0B4EA28EB72}"
EndProject
Project("{FAE04EC0-301F-11D3-BF4B-00C04F79EFBC}") = "Tp9.Android", "Tp9\Tp9.Android\Tp9.Android.csproj", "{BCED65C9-A624-461E-B37F-EFFA96A55D38}"
EndProject
Project("{FAE04EC0-301F-11D3-BF4B-00C04F79EFBC}") = "Tp9.UWP", "Tp9\Tp9.UWP\Tp9.UWP.csproj", "{0984BCE2-D678-41CD-870D-0720058BBBF7}"
EndProject
Project("{9A19103F-16F7-4668-BE54-9A1E7A4F7556}") = "Tp9.Web", "Tp9\Tp9.Web\Tp9.Web.csproj", "{CB6F3793-552B-44AB-A321-76983D73287B}"
EndProject
Global
	GlobalSection(SolutionConfigurationPlatforms) = preSolution
		Debug|Any CPU = Debug|Any CPU
		Debug|ARM = Debug|ARM
		Debug|x64 = Debug|x64
		Debug|x86 = Debug|x86
		Release|Any CPU = Release|Any CPU
		Release|ARM = Release|ARM
		Release|x64 = Release|x64
		Release|x86 = Release|x86
	EndGlobalSection
	GlobalSection(ProjectConfigurationPlatforms) = postSolution
		{F27495D8-F200-4F34-B05D-27D079752846}.Debug|Any CPU.ActiveCfg = Debug|Any CPU
		{F27495D8-F200-4F34-B05D-27D079752846}.Debug|Any CPU.Build.0 = Debug|Any CPU
		{F27495D8-F200-4F34-B05D-27D079752846}.Debug|ARM.ActiveCfg = Debug|Any CPU
		{F27495D8-F200-4F34-B05D-27D079752846}.Debug|ARM.Build.0 = Debug|Any CPU
		{F27495D8-F200-4F34-B05D-27D079752846}.Debug|x64.ActiveCfg = Debug|Any CPU
		{F27495D8-F200-4F34-B05D-27D079752846}.Debug|x64.Build.0 = Debug|Any CPU
		{F27495D8-F200-4F34-B05D-27D079752846}.Debug|x86.ActiveCfg = Debug|Any CPU
		{F27495D8-F200-4F34-B05D-27D079752846}.Debug|x86.Build.0 = Debug|Any CPU
		{F27495D8-F200-4F34-B05D-27D079752846}.Release|Any CPU.ActiveCfg = Release|Any CPU
		{F27495D8-F200-4F34-B05D-27D079752846}.Release|Any CPU.Build.0 = Release|Any CPU
		{F27495D8-F200-4F34-B05D-27D079752846}.Release|ARM.ActiveCfg = Release|Any CPU
		{F27495D8-F200-4F34-B05D-27D079752846}.Release|ARM.Build.0 = Release|Any CPU
		{F27495D8-F200-4F34-B05D-27D079752846}.Release|x64.ActiveCfg = Release|Any CPU
		{F27495D8-F200-4F34-B05D-27D079752846}.Release|x64.Build.0 = Release|Any CPU
		{F27495D8-F200-4F34-B05D-27D079752846}.Release|x86.ActiveCfg = Release|Any CPU
		{F27495D8-F200-4F34-B05D-27D079752846}.Release|x86.Build.0 = Release|Any CPU
		{A4051445-357E-42C4-9292-F53A67451CA2}.Debug|Any CPU.ActiveCfg = Debug|x86
		{A4051445-357E-42C4-9292-F53A67451CA2}.Debug|Any CPU.Build.0 = Debug|x86
		{A4051445-357E-42C4-9292-F53A67451CA2}.Debug|Any CPU.Deploy.0 = Debug|x86
		{A4051445-357E-42C4-9292-F53A67451CA2}.Debug|ARM.ActiveCfg = Debug|ARM
		{A4051445-357E-42C4-9292-F53A67451CA2}.Debug|ARM.Build.0 = Debug|ARM
		{A4051445-357E-42C4-9292-F53A67451CA2}.Debug|ARM.Deploy.0 = Debug|ARM
		{A4051445-357E-42C4-9292-F53A67451CA2}.Debug|x64.ActiveCfg = Debug|x64
		{A4051445-357E-42C4-9292-F53A67451CA2}.Debug|x64.Build.0 = Debug|x64
		{A4051445-357E-42C4-9292-F53A67451CA2}.Debug|x64.Deploy.0 = Debug|x64
		{A4051445-357E-42C4-9292-F53A67451CA2}.Debug|x86.ActiveCfg = Debug|x86
		{A4051445-357E-42C4-9292-F53A67451CA2}.Debug|x86.Build.0 = Debug|x86
		{A4051445-357E-42C4-9292-F53A67451CA2}.Debug|x86.Deploy.0 = Debug|x86
		{A4051445-357E-42C4-9292-F53A67451CA2}.Release|Any CPU.ActiveCfg = Release|x86
		{A4051445-357E-42C4-9292-F53A67451CA2}.Release|ARM.ActiveCfg = Release|ARM
		{A4051445-357E-42C4-9292-F53A67451CA2}.Release|ARM.Build.0 = Release|ARM
		{A4051445-357E-42C4-9292-F53A67451CA2}.Release|ARM.Deploy.0 = Release|ARM
		{A4051445-357E-42C4-9292-F53A67451CA2}.Release|x64.ActiveCfg = Release|x64
		{A4051445-357E-42C4-9292-F53A67451CA2}.Release|x64.Build.0 = Release|x64
		{A4051445-357E-42C4-9292-F53A67451CA2}.Release|x64.Deploy.0 = Release|x64
		{A4051445-357E-42C4-9292-F53A67451CA2}.Release|x86.ActiveCfg = Release|x86
		{A4051445-357E-42C4-9292-F53A67451CA2}.Release|x86.Build.0 = Release|x86
		{A4051445-357E-42C4-9292-F53A67451CA2}.Release|x86.Deploy.0 = Release|x86
		{7FF1B92B-E016-4965-B5D0-B331752164EB}.Debug|Any CPU.ActiveCfg = Debug|Any CPU
		{7FF1B92B-E016-4965-B5D0-B331752164EB}.Debug|Any CPU.Build.0 = Debug|Any CPU
		{7FF1B92B-E016-4965-B5D0-B331752164EB}.Debug|Any CPU.Deploy.0 = Debug|Any CPU
		{7FF1B92B-E016-4965-B5D0-B331752164EB}.Debug|ARM.ActiveCfg = Debug|Any CPU
		{7FF1B92B-E016-4965-B5D0-B331752164EB}.Debug|ARM.Build.0 = Debug|Any CPU
		{7FF1B92B-E016-4965-B5D0-B331752164EB}.Debug|ARM.Deploy.0 = Debug|Any CPU
		{7FF1B92B-E016-4965-B5D0-B331752164EB}.Debug|x64.ActiveCfg = Debug|Any CPU
		{7FF1B92B-E016-4965-B5D0-B331752164EB}.Debug|x64.Build.0 = Debug|Any CPU
		{7FF1B92B-E016-4965-B5D0-B331752164EB}.Debug|x64.Deploy.0 = Debug|Any CPU
		{7FF1B92B-E016-4965-B5D0-B331752164EB}.Debug|x86.ActiveCfg = Debug|Any CPU
		{7FF1B92B-E016-4965-B5D0-B331752164EB}.Debug|x86.Build.0 = Debug|Any CPU
		{7FF1B92B-E016-4965-B5D0-B331752164EB}.Debug|x86.Deploy.0 = Debug|Any CPU
		{7FF1B92B-E016-4965-B5D0-B331752164EB}.Release|Any CPU.ActiveCfg = Release|Any CPU
		{7FF1B92B-E016-4965-B5D0-B331752164EB}.Release|Any CPU.Build.0 = Release|Any CPU
		{7FF1B92B-E016-4965-B5D0-B331752164EB}.Release|Any CPU.Deploy.0 = Release|Any CPU
		{7FF1B92B-E016-4965-B5D0-B331752164EB}.Release|ARM.ActiveCfg = Release|Any CPU
		{7FF1B92B-E016-4965-B5D0-B331752164EB}.Release|ARM.Build.0 = Release|Any CPU
		{7FF1B92B-E016-4965-B5D0-B331752164EB}.Release|ARM.Deploy.0 = Release|Any CPU
		{7FF1B92B-E016-4965-B5D0-B331752164EB}.Release|x64.ActiveCfg = Release|Any CPU
		{7FF1B92B-E016-4965-B5D0-B331752164EB}.Release|x64.Build.0 = Release|Any CPU
		{7FF1B92B-E016-4965-B5D0-B331752164EB}.Release|x64.Deploy.0 = Release|Any CPU
		{7FF1B92B-E016-4965-B5D0-B331752164EB}.Release|x86.ActiveCfg = Release|Any CPU
		{7FF1B92B-E016-4965-B5D0-B331752164EB}.Release|x86.Build.0 = Release|Any CPU
		{7FF1B92B-E016-4965-B5D0-B331752164EB}.Release|x86.Deploy.0 = Release|Any CPU
		{880C2506-4BFD-4D51-817F-E18B9E29EB12}.Debug|Any CPU.ActiveCfg = Debug|Any CPU
		{880C2506-4BFD-4D51-817F-E18B9E29EB12}.Debug|Any CPU.Build.0 = Debug|Any CPU
		{880C2506-4BFD-4D51-817F-E18B9E29EB12}.Debug|ARM.ActiveCfg = Debug|Any CPU
		{880C2506-4BFD-4D51-817F-E18B9E29EB12}.Debug|ARM.Build.0 = Debug|Any CPU
		{880C2506-4BFD-4D51-817F-E18B9E29EB12}.Debug|x64.ActiveCfg = Debug|Any CPU
		{880C2506-4BFD-4D51-817F-E18B9E29EB12}.Debug|x64.Build.0 = Debug|Any CPU
		{880C2506-4BFD-4D51-817F-E18B9E29EB12}.Debug|x86.ActiveCfg = Debug|Any CPU
		{880C2506-4BFD-4D51-817F-E18B9E29EB12}.Debug|x86.Build.0 = Debug|Any CPU
		{880C2506-4BFD-4D51-817F-E18B9E29EB12}.Release|Any CPU.ActiveCfg = Release|Any CPU
		{880C2506-4BFD-4D51-817F-E18B9E29EB12}.Release|Any CPU.Build.0 = Release|Any CPU
		{880C2506-4BFD-4D51-817F-E18B9E29EB12}.Release|ARM.ActiveCfg = Release|Any CPU
		{880C2506-4BFD-4D51-817F-E18B9E29EB12}.Release|ARM.Build.0 = Release|Any CPU
		{880C2506-4BFD-4D51-817F-E18B9E29EB12}.Release|x64.ActiveCfg = Release|Any CPU
		{880C2506-4BFD-4D51-817F-E18B9E29EB12}.Release|x64.Build.0 = Release|Any CPU
		{880C2506-4BFD-4D51-817F-E18B9E29EB12}.Release|x86.ActiveCfg = Release|Any CPU
		{880C2506-4BFD-4D51-817F-E18B9E29EB12}.Release|x86.Build.0 = Release|Any CPU
		{32F42488-D3FE-47C7-BA01-2F504467D777}.Debug|Any CPU.ActiveCfg = Debug|x86
		{32F42488-D3FE-47C7-BA01-2F504467D777}.Debug|ARM.ActiveCfg = Debug|ARM
		{32F42488-D3FE-47C7-BA01-2F504467D777}.Debug|ARM.Build.0 = Debug|ARM
		{32F42488-D3FE-47C7-BA01-2F504467D777}.Debug|ARM.Deploy.0 = Debug|ARM
		{32F42488-D3FE-47C7-BA01-2F504467D777}.Debug|x64.ActiveCfg = Debug|x64
		{32F42488-D3FE-47C7-BA01-2F504467D777}.Debug|x64.Build.0 = Debug|x64
		{32F42488-D3FE-47C7-BA01-2F504467D777}.Debug|x64.Deploy.0 = Debug|x64
		{32F42488-D3FE-47C7-BA01-2F504467D777}.Debug|x86.ActiveCfg = Debug|x86
		{32F42488-D3FE-47C7-BA01-2F504467D777}.Debug|x86.Build.0 = Debug|x86
		{32F42488-D3FE-47C7-BA01-2F504467D777}.Debug|x86.Deploy.0 = Debug|x86
		{32F42488-D3FE-47C7-BA01-2F504467D777}.Release|Any CPU.ActiveCfg = Release|x86
		{32F42488-D3FE-47C7-BA01-2F504467D777}.Release|ARM.ActiveCfg = Release|ARM
		{32F42488-D3FE-47C7-BA01-2F504467D777}.Release|ARM.Build.0 = Release|ARM
		{32F42488-D3FE-47C7-BA01-2F504467D777}.Release|ARM.Deploy.0 = Release|ARM
		{32F42488-D3FE-47C7-BA01-2F504467D777}.Release|x64.ActiveCfg = Release|x64
		{32F42488-D3FE-47C7-BA01-2F504467D777}.Release|x64.Build.0 = Release|x64
		{32F42488-D3FE-47C7-BA01-2F504467D777}.Release|x64.Deploy.0 = Release|x64
		{32F42488-D3FE-47C7-BA01-2F504467D777}.Release|x86.ActiveCfg = Release|x86
		{32F42488-D3FE-47C7-BA01-2F504467D777}.Release|x86.Build.0 = Release|x86
		{32F42488-D3FE-47C7-BA01-2F504467D777}.Release|x86.Deploy.0 = Release|x86
		{9971AC8F-3138-4819-8226-783D12CE2A41}.Debug|Any CPU.ActiveCfg = Debug|Any CPU
		{9971AC8F-3138-4819-8226-783D12CE2A41}.Debug|Any CPU.Build.0 = Debug|Any CPU
		{9971AC8F-3138-4819-8226-783D12CE2A41}.Debug|Any CPU.Deploy.0 = Debug|Any CPU
		{9971AC8F-3138-4819-8226-783D12CE2A41}.Debug|ARM.ActiveCfg = Debug|Any CPU
		{9971AC8F-3138-4819-8226-783D12CE2A41}.Debug|ARM.Build.0 = Debug|Any CPU
		{9971AC8F-3138-4819-8226-783D12CE2A41}.Debug|ARM.Deploy.0 = Debug|Any CPU
		{9971AC8F-3138-4819-8226-783D12CE2A41}.Debug|x64.ActiveCfg = Debug|Any CPU
		{9971AC8F-3138-4819-8226-783D12CE2A41}.Debug|x64.Build.0 = Debug|Any CPU
		{9971AC8F-3138-4819-8226-783D12CE2A41}.Debug|x64.Deploy.0 = Debug|Any CPU
		{9971AC8F-3138-4819-8226-783D12CE2A41}.Debug|x86.ActiveCfg = Debug|Any CPU
		{9971AC8F-3138-4819-8226-783D12CE2A41}.Debug|x86.Build.0 = Debug|Any CPU
		{9971AC8F-3138-4819-8226-783D12CE2A41}.Debug|x86.Deploy.0 = Debug|Any CPU
		{9971AC8F-3138-4819-8226-783D12CE2A41}.Release|Any CPU.ActiveCfg = Release|Any CPU
		{9971AC8F-3138-4819-8226-783D12CE2A41}.Release|Any CPU.Build.0 = Release|Any CPU
		{9971AC8F-3138-4819-8226-783D12CE2A41}.Release|Any CPU.Deploy.0 = Release|Any CPU
		{9971AC8F-3138-4819-8226-783D12CE2A41}.Release|ARM.ActiveCfg = Release|Any CPU
		{9971AC8F-3138-4819-8226-783D12CE2A41}.Release|ARM.Build.0 = Release|Any CPU
		{9971AC8F-3138-4819-8226-783D12CE2A41}.Release|ARM.Deploy.0 = Release|Any CPU
		{9971AC8F-3138-4819-8226-783D12CE2A41}.Release|x64.ActiveCfg = Release|Any CPU
		{9971AC8F-3138-4819-8226-783D12CE2A41}.Release|x64.Build.0 = Release|Any CPU
		{9971AC8F-3138-4819-8226-783D12CE2A41}.Release|x64.Deploy.0 = Release|Any CPU
		{9971AC8F-3138-4819-8226-783D12CE2A41}.Release|x86.ActiveCfg = Release|Any CPU
		{9971AC8F-3138-4819-8226-783D12CE2A41}.Release|x86.Build.0 = Release|Any CPU
		{9971AC8F-3138-4819-8226-783D12CE2A41}.Release|x86.Deploy.0 = Release|Any CPU
		{A1252C00-AF9D-47C1-90BE-8D32E079661D}.Debug|Any CPU.ActiveCfg = Debug|Any CPU
		{A1252C00-AF9D-47C1-90BE-8D32E079661D}.Debug|Any CPU.Build.0 = Debug|Any CPU
		{A1252C00-AF9D-47C1-90BE-8D32E079661D}.Debug|ARM.ActiveCfg = Debug|Any CPU
		{A1252C00-AF9D-47C1-90BE-8D32E079661D}.Debug|ARM.Build.0 = Debug|Any CPU
		{A1252C00-AF9D-47C1-90BE-8D32E079661D}.Debug|x64.ActiveCfg = Debug|Any CPU
		{A1252C00-AF9D-47C1-90BE-8D32E079661D}.Debug|x64.Build.0 = Debug|Any CPU
		{A1252C00-AF9D-47C1-90BE-8D32E079661D}.Debug|x86.ActiveCfg = Debug|Any CPU
		{A1252C00-AF9D-47C1-90BE-8D32E079661D}.Debug|x86.Build.0 = Debug|Any CPU
		{A1252C00-AF9D-47C1-90BE-8D32E079661D}.Release|Any CPU.ActiveCfg = Release|Any CPU
		{A1252C00-AF9D-47C1-90BE-8D32E079661D}.Release|Any CPU.Build.0 = Release|Any CPU
		{A1252C00-AF9D-47C1-90BE-8D32E079661D}.Release|ARM.ActiveCfg = Release|Any CPU
		{A1252C00-AF9D-47C1-90BE-8D32E079661D}.Release|ARM.Build.0 = Release|Any CPU
		{A1252C00-AF9D-47C1-90BE-8D32E079661D}.Release|x64.ActiveCfg = Release|Any CPU
		{A1252C00-AF9D-47C1-90BE-8D32E079661D}.Release|x64.Build.0 = Release|Any CPU
		{A1252C00-AF9D-47C1-90BE-8D32E079661D}.Release|x86.ActiveCfg = Release|Any CPU
		{A1252C00-AF9D-47C1-90BE-8D32E079661D}.Release|x86.Build.0 = Release|Any CPU
		{C2F77A58-FEB8-4BCC-A925-883EB22B2CF0}.Debug|Any CPU.ActiveCfg = Debug|x86
		{C2F77A58-FEB8-4BCC-A925-883EB22B2CF0}.Debug|ARM.ActiveCfg = Debug|ARM
		{C2F77A58-FEB8-4BCC-A925-883EB22B2CF0}.Debug|ARM.Build.0 = Debug|ARM
		{C2F77A58-FEB8-4BCC-A925-883EB22B2CF0}.Debug|ARM.Deploy.0 = Debug|ARM
		{C2F77A58-FEB8-4BCC-A925-883EB22B2CF0}.Debug|x64.ActiveCfg = Debug|x64
		{C2F77A58-FEB8-4BCC-A925-883EB22B2CF0}.Debug|x64.Build.0 = Debug|x64
		{C2F77A58-FEB8-4BCC-A925-883EB22B2CF0}.Debug|x64.Deploy.0 = Debug|x64
		{C2F77A58-FEB8-4BCC-A925-883EB22B2CF0}.Debug|x86.ActiveCfg = Debug|x86
		{C2F77A58-FEB8-4BCC-A925-883EB22B2CF0}.Debug|x86.Build.0 = Debug|x86
		{C2F77A58-FEB8-4BCC-A925-883EB22B2CF0}.Debug|x86.Deploy.0 = Debug|x86
		{C2F77A58-FEB8-4BCC-A925-883EB22B2CF0}.Release|Any CPU.ActiveCfg = Release|x86
		{C2F77A58-FEB8-4BCC-A925-883EB22B2CF0}.Release|ARM.ActiveCfg = Release|ARM
		{C2F77A58-FEB8-4BCC-A925-883EB22B2CF0}.Release|ARM.Build.0 = Release|ARM
		{C2F77A58-FEB8-4BCC-A925-883EB22B2CF0}.Release|ARM.Deploy.0 = Release|ARM
		{C2F77A58-FEB8-4BCC-A925-883EB22B2CF0}.Release|x64.ActiveCfg = Release|x64
		{C2F77A58-FEB8-4BCC-A925-883EB22B2CF0}.Release|x64.Build.0 = Release|x64
		{C2F77A58-FEB8-4BCC-A925-883EB22B2CF0}.Release|x64.Deploy.0 = Release|x64
		{C2F77A58-FEB8-4BCC-A925-883EB22B2CF0}.Release|x86.ActiveCfg = Release|x86
		{C2F77A58-FEB8-4BCC-A925-883EB22B2CF0}.Release|x86.Build.0 = Release|x86
		{C2F77A58-FEB8-4BCC-A925-883EB22B2CF0}.Release|x86.Deploy.0 = Release|x86
		{D649A6D8-A09F-4B41-A085-7209370A8F5D}.Debug|Any CPU.ActiveCfg = Debug|Any CPU
		{D649A6D8-A09F-4B41-A085-7209370A8F5D}.Debug|Any CPU.Build.0 = Debug|Any CPU
		{D649A6D8-A09F-4B41-A085-7209370A8F5D}.Debug|Any CPU.Deploy.0 = Debug|Any CPU
		{D649A6D8-A09F-4B41-A085-7209370A8F5D}.Debug|ARM.ActiveCfg = Debug|Any CPU
		{D649A6D8-A09F-4B41-A085-7209370A8F5D}.Debug|ARM.Build.0 = Debug|Any CPU
		{D649A6D8-A09F-4B41-A085-7209370A8F5D}.Debug|ARM.Deploy.0 = Debug|Any CPU
		{D649A6D8-A09F-4B41-A085-7209370A8F5D}.Debug|x64.ActiveCfg = Debug|Any CPU
		{D649A6D8-A09F-4B41-A085-7209370A8F5D}.Debug|x64.Build.0 = Debug|Any CPU
		{D649A6D8-A09F-4B41-A085-7209370A8F5D}.Debug|x64.Deploy.0 = Debug|Any CPU
		{D649A6D8-A09F-4B41-A085-7209370A8F5D}.Debug|x86.ActiveCfg = Debug|Any CPU
		{D649A6D8-A09F-4B41-A085-7209370A8F5D}.Debug|x86.Build.0 = Debug|Any CPU
		{D649A6D8-A09F-4B41-A085-7209370A8F5D}.Debug|x86.Deploy.0 = Debug|Any CPU
		{D649A6D8-A09F-4B41-A085-7209370A8F5D}.Release|Any CPU.ActiveCfg = Release|Any CPU
		{D649A6D8-A09F-4B41-A085-7209370A8F5D}.Release|Any CPU.Build.0 = Release|Any CPU
		{D649A6D8-A09F-4B41-A085-7209370A8F5D}.Release|Any CPU.Deploy.0 = Release|Any CPU
		{D649A6D8-A09F-4B41-A085-7209370A8F5D}.Release|ARM.ActiveCfg = Release|Any CPU
		{D649A6D8-A09F-4B41-A085-7209370A8F5D}.Release|ARM.Build.0 = Release|Any CPU
		{D649A6D8-A09F-4B41-A085-7209370A8F5D}.Release|ARM.Deploy.0 = Release|Any CPU
		{D649A6D8-A09F-4B41-A085-7209370A8F5D}.Release|x64.ActiveCfg = Release|Any CPU
		{D649A6D8-A09F-4B41-A085-7209370A8F5D}.Release|x64.Build.0 = Release|Any CPU
		{D649A6D8-A09F-4B41-A085-7209370A8F5D}.Release|x64.Deploy.0 = Release|Any CPU
		{D649A6D8-A09F-4B41-A085-7209370A8F5D}.Release|x86.ActiveCfg = Release|Any CPU
		{D649A6D8-A09F-4B41-A085-7209370A8F5D}.Release|x86.Build.0 = Release|Any CPU
		{D649A6D8-A09F-4B41-A085-7209370A8F5D}.Release|x86.Deploy.0 = Release|Any CPU
		{FF43E3FA-1DF2-4C62-8679-C4A242D50923}.Debug|Any CPU.ActiveCfg = Debug|Any CPU
		{FF43E3FA-1DF2-4C62-8679-C4A242D50923}.Debug|Any CPU.Build.0 = Debug|Any CPU
		{FF43E3FA-1DF2-4C62-8679-C4A242D50923}.Debug|ARM.ActiveCfg = Debug|Any CPU
		{FF43E3FA-1DF2-4C62-8679-C4A242D50923}.Debug|ARM.Build.0 = Debug|Any CPU
		{FF43E3FA-1DF2-4C62-8679-C4A242D50923}.Debug|x64.ActiveCfg = Debug|Any CPU
		{FF43E3FA-1DF2-4C62-8679-C4A242D50923}.Debug|x64.Build.0 = Debug|Any CPU
		{FF43E3FA-1DF2-4C62-8679-C4A242D50923}.Debug|x86.ActiveCfg = Debug|Any CPU
		{FF43E3FA-1DF2-4C62-8679-C4A242D50923}.Debug|x86.Build.0 = Debug|Any CPU
		{FF43E3FA-1DF2-4C62-8679-C4A242D50923}.Release|Any CPU.ActiveCfg = Release|Any CPU
		{FF43E3FA-1DF2-4C62-8679-C4A242D50923}.Release|Any CPU.Build.0 = Release|Any CPU
		{FF43E3FA-1DF2-4C62-8679-C4A242D50923}.Release|ARM.ActiveCfg = Release|Any CPU
		{FF43E3FA-1DF2-4C62-8679-C4A242D50923}.Release|ARM.Build.0 = Release|Any CPU
		{FF43E3FA-1DF2-4C62-8679-C4A242D50923}.Release|x64.ActiveCfg = Release|Any CPU
		{FF43E3FA-1DF2-4C62-8679-C4A242D50923}.Release|x64.Build.0 = Release|Any CPU
		{FF43E3FA-1DF2-4C62-8679-C4A242D50923}.Release|x86.ActiveCfg = Release|Any CPU
		{FF43E3FA-1DF2-4C62-8679-C4A242D50923}.Release|x86.Build.0 = Release|Any CPU
		{883182C8-F8DA-494B-95DC-BFB769F385CE}.Debug|Any CPU.ActiveCfg = Debug|Any CPU
		{883182C8-F8DA-494B-95DC-BFB769F385CE}.Debug|Any CPU.Build.0 = Debug|Any CPU
		{883182C8-F8DA-494B-95DC-BFB769F385CE}.Debug|Any CPU.Deploy.0 = Debug|Any CPU
		{883182C8-F8DA-494B-95DC-BFB769F385CE}.Debug|ARM.ActiveCfg = Debug|Any CPU
		{883182C8-F8DA-494B-95DC-BFB769F385CE}.Debug|ARM.Build.0 = Debug|Any CPU
		{883182C8-F8DA-494B-95DC-BFB769F385CE}.Debug|ARM.Deploy.0 = Debug|Any CPU
		{883182C8-F8DA-494B-95DC-BFB769F385CE}.Debug|x64.ActiveCfg = Debug|Any CPU
		{883182C8-F8DA-494B-95DC-BFB769F385CE}.Debug|x64.Build.0 = Debug|Any CPU
		{883182C8-F8DA-494B-95DC-BFB769F385CE}.Debug|x64.Deploy.0 = Debug|Any CPU
		{883182C8-F8DA-494B-95DC-BFB769F385CE}.Debug|x86.ActiveCfg = Debug|Any CPU
		{883182C8-F8DA-494B-95DC-BFB769F385CE}.Debug|x86.Build.0 = Debug|Any CPU
		{883182C8-F8DA-494B-95DC-BFB769F385CE}.Debug|x86.Deploy.0 = Debug|Any CPU
		{883182C8-F8DA-494B-95DC-BFB769F385CE}.Release|Any CPU.ActiveCfg = Release|Any CPU
		{883182C8-F8DA-494B-95DC-BFB769F385CE}.Release|Any CPU.Build.0 = Release|Any CPU
		{883182C8-F8DA-494B-95DC-BFB769F385CE}.Release|Any CPU.Deploy.0 = Release|Any CPU
		{883182C8-F8DA-494B-95DC-BFB769F385CE}.Release|ARM.ActiveCfg = Release|Any CPU
		{883182C8-F8DA-494B-95DC-BFB769F385CE}.Release|ARM.Build.0 = Release|Any CPU
		{883182C8-F8DA-494B-95DC-BFB769F385CE}.Release|ARM.Deploy.0 = Release|Any CPU
		{883182C8-F8DA-494B-95DC-BFB769F385CE}.Release|x64.ActiveCfg = Release|Any CPU
		{883182C8-F8DA-494B-95DC-BFB769F385CE}.Release|x64.Build.0 = Release|Any CPU
		{883182C8-F8DA-494B-95DC-BFB769F385CE}.Release|x64.Deploy.0 = Release|Any CPU
		{883182C8-F8DA-494B-95DC-BFB769F385CE}.Release|x86.ActiveCfg = Release|Any CPU
		{883182C8-F8DA-494B-95DC-BFB769F385CE}.Release|x86.Build.0 = Release|Any CPU
		{883182C8-F8DA-494B-95DC-BFB769F385CE}.Release|x86.Deploy.0 = Release|Any CPU
		{7A34E704-A193-4FA4-BC61-85288513DEB5}.Debug|Any CPU.ActiveCfg = Debug|Any CPU
		{7A34E704-A193-4FA4-BC61-85288513DEB5}.Debug|Any CPU.Build.0 = Debug|Any CPU
		{7A34E704-A193-4FA4-BC61-85288513DEB5}.Debug|ARM.ActiveCfg = Debug|Any CPU
		{7A34E704-A193-4FA4-BC61-85288513DEB5}.Debug|ARM.Build.0 = Debug|Any CPU
		{7A34E704-A193-4FA4-BC61-85288513DEB5}.Debug|x64.ActiveCfg = Debug|Any CPU
		{7A34E704-A193-4FA4-BC61-85288513DEB5}.Debug|x64.Build.0 = Debug|Any CPU
		{7A34E704-A193-4FA4-BC61-85288513DEB5}.Debug|x86.ActiveCfg = Debug|Any CPU
		{7A34E704-A193-4FA4-BC61-85288513DEB5}.Debug|x86.Build.0 = Debug|Any CPU
		{7A34E704-A193-4FA4-BC61-85288513DEB5}.Release|Any CPU.ActiveCfg = Release|Any CPU
		{7A34E704-A193-4FA4-BC61-85288513DEB5}.Release|Any CPU.Build.0 = Release|Any CPU
		{7A34E704-A193-4FA4-BC61-85288513DEB5}.Release|ARM.ActiveCfg = Release|Any CPU
		{7A34E704-A193-4FA4-BC61-85288513DEB5}.Release|ARM.Build.0 = Release|Any CPU
		{7A34E704-A193-4FA4-BC61-85288513DEB5}.Release|x64.ActiveCfg = Release|Any CPU
		{7A34E704-A193-4FA4-BC61-85288513DEB5}.Release|x64.Build.0 = Release|Any CPU
		{7A34E704-A193-4FA4-BC61-85288513DEB5}.Release|x86.ActiveCfg = Release|Any CPU
		{7A34E704-A193-4FA4-BC61-85288513DEB5}.Release|x86.Build.0 = Release|Any CPU
		{93FD332F-1C4E-4854-AEF0-2142391C7947}.Debug|Any CPU.ActiveCfg = Debug|x86
		{93FD332F-1C4E-4854-AEF0-2142391C7947}.Debug|ARM.ActiveCfg = Debug|ARM
		{93FD332F-1C4E-4854-AEF0-2142391C7947}.Debug|ARM.Build.0 = Debug|ARM
		{93FD332F-1C4E-4854-AEF0-2142391C7947}.Debug|ARM.Deploy.0 = Debug|ARM
		{93FD332F-1C4E-4854-AEF0-2142391C7947}.Debug|x64.ActiveCfg = Debug|x64
		{93FD332F-1C4E-4854-AEF0-2142391C7947}.Debug|x64.Build.0 = Debug|x64
		{93FD332F-1C4E-4854-AEF0-2142391C7947}.Debug|x64.Deploy.0 = Debug|x64
		{93FD332F-1C4E-4854-AEF0-2142391C7947}.Debug|x86.ActiveCfg = Debug|x86
		{93FD332F-1C4E-4854-AEF0-2142391C7947}.Debug|x86.Build.0 = Debug|x86
		{93FD332F-1C4E-4854-AEF0-2142391C7947}.Debug|x86.Deploy.0 = Debug|x86
		{93FD332F-1C4E-4854-AEF0-2142391C7947}.Release|Any CPU.ActiveCfg = Release|x86
		{93FD332F-1C4E-4854-AEF0-2142391C7947}.Release|ARM.ActiveCfg = Release|ARM
		{93FD332F-1C4E-4854-AEF0-2142391C7947}.Release|ARM.Build.0 = Release|ARM
		{93FD332F-1C4E-4854-AEF0-2142391C7947}.Release|ARM.Deploy.0 = Release|ARM
		{93FD332F-1C4E-4854-AEF0-2142391C7947}.Release|x64.ActiveCfg = Release|x64
		{93FD332F-1C4E-4854-AEF0-2142391C7947}.Release|x64.Build.0 = Release|x64
		{93FD332F-1C4E-4854-AEF0-2142391C7947}.Release|x64.Deploy.0 = Release|x64
		{93FD332F-1C4E-4854-AEF0-2142391C7947}.Release|x86.ActiveCfg = Release|x86
		{93FD332F-1C4E-4854-AEF0-2142391C7947}.Release|x86.Build.0 = Release|x86
		{93FD332F-1C4E-4854-AEF0-2142391C7947}.Release|x86.Deploy.0 = Release|x86
		{2C51EEB1-EDA3-4707-9438-8BF07C65DAF3}.Debug|Any CPU.ActiveCfg = Debug|Any CPU
		{2C51EEB1-EDA3-4707-9438-8BF07C65DAF3}.Debug|Any CPU.Build.0 = Debug|Any CPU
		{2C51EEB1-EDA3-4707-9438-8BF07C65DAF3}.Debug|Any CPU.Deploy.0 = Debug|Any CPU
		{2C51EEB1-EDA3-4707-9438-8BF07C65DAF3}.Debug|ARM.ActiveCfg = Debug|Any CPU
		{2C51EEB1-EDA3-4707-9438-8BF07C65DAF3}.Debug|ARM.Build.0 = Debug|Any CPU
		{2C51EEB1-EDA3-4707-9438-8BF07C65DAF3}.Debug|ARM.Deploy.0 = Debug|Any CPU
		{2C51EEB1-EDA3-4707-9438-8BF07C65DAF3}.Debug|x64.ActiveCfg = Debug|Any CPU
		{2C51EEB1-EDA3-4707-9438-8BF07C65DAF3}.Debug|x64.Build.0 = Debug|Any CPU
		{2C51EEB1-EDA3-4707-9438-8BF07C65DAF3}.Debug|x64.Deploy.0 = Debug|Any CPU
		{2C51EEB1-EDA3-4707-9438-8BF07C65DAF3}.Debug|x86.ActiveCfg = Debug|Any CPU
		{2C51EEB1-EDA3-4707-9438-8BF07C65DAF3}.Debug|x86.Build.0 = Debug|Any CPU
		{2C51EEB1-EDA3-4707-9438-8BF07C65DAF3}.Debug|x86.Deploy.0 = Debug|Any CPU
		{2C51EEB1-EDA3-4707-9438-8BF07C65DAF3}.Release|Any CPU.ActiveCfg = Release|Any CPU
		{2C51EEB1-EDA3-4707-9438-8BF07C65DAF3}.Release|Any CPU.Build.0 = Release|Any CPU
		{2C51EEB1-EDA3-4707-9438-8BF07C65DAF3}.Release|Any CPU.Deploy.0 = Release|Any CPU
		{2C51EEB1-EDA3-4707-9438-8BF07C65DAF3}.Release|ARM.ActiveCfg = Release|Any CPU
		{2C51EEB1-EDA3-4707-9438-8BF07C65DAF3}.Release|ARM.Build.0 = Release|Any CPU
		{2C51EEB1-EDA3-4707-9438-8BF07C65DAF3}.Release|ARM.Deploy.0 = Release|Any CPU
		{2C51EEB1-EDA3-4707-9438-8BF07C65DAF3}.Release|x64.ActiveCfg = Release|Any CPU
		{2C51EEB1-EDA3-4707-9438-8BF07C65DAF3}.Release|x64.Build.0 = Release|Any CPU
		{2C51EEB1-EDA3-4707-9438-8BF07C65DAF3}.Release|x64.Deploy.0 = Release|Any CPU
		{2C51EEB1-EDA3-4707-9438-8BF07C65DAF3}.Release|x86.ActiveCfg = Release|Any CPU
		{2C51EEB1-EDA3-4707-9438-8BF07C65DAF3}.Release|x86.Build.0 = Release|Any CPU
		{2C51EEB1-EDA3-4707-9438-8BF07C65DAF3}.Release|x86.Deploy.0 = Release|Any CPU
		{58589364-3A61-4361-BA79-746C8078E296}.Debug|Any CPU.ActiveCfg = Debug|Any CPU
		{58589364-3A61-4361-BA79-746C8078E296}.Debug|Any CPU.Build.0 = Debug|Any CPU
		{58589364-3A61-4361-BA79-746C8078E296}.Debug|ARM.ActiveCfg = Debug|Any CPU
		{58589364-3A61-4361-BA79-746C8078E296}.Debug|ARM.Build.0 = Debug|Any CPU
		{58589364-3A61-4361-BA79-746C8078E296}.Debug|x64.ActiveCfg = Debug|Any CPU
		{58589364-3A61-4361-BA79-746C8078E296}.Debug|x64.Build.0 = Debug|Any CPU
		{58589364-3A61-4361-BA79-746C8078E296}.Debug|x86.ActiveCfg = Debug|Any CPU
		{58589364-3A61-4361-BA79-746C8078E296}.Debug|x86.Build.0 = Debug|Any CPU
		{58589364-3A61-4361-BA79-746C8078E296}.Release|Any CPU.ActiveCfg = Release|Any CPU
		{58589364-3A61-4361-BA79-746C8078E296}.Release|Any CPU.Build.0 = Release|Any CPU
		{58589364-3A61-4361-BA79-746C8078E296}.Release|ARM.ActiveCfg = Release|Any CPU
		{58589364-3A61-4361-BA79-746C8078E296}.Release|ARM.Build.0 = Release|Any CPU
		{58589364-3A61-4361-BA79-746C8078E296}.Release|x64.ActiveCfg = Release|Any CPU
		{58589364-3A61-4361-BA79-746C8078E296}.Release|x64.Build.0 = Release|Any CPU
		{58589364-3A61-4361-BA79-746C8078E296}.Release|x86.ActiveCfg = Release|Any CPU
		{58589364-3A61-4361-BA79-746C8078E296}.Release|x86.Build.0 = Release|Any CPU
		{0129BDE5-538B-4197-8540-0BCF5770926F}.Debug|Any CPU.ActiveCfg = Debug|x86
		{0129BDE5-538B-4197-8540-0BCF5770926F}.Debug|ARM.ActiveCfg = Debug|ARM
		{0129BDE5-538B-4197-8540-0BCF5770926F}.Debug|ARM.Build.0 = Debug|ARM
		{0129BDE5-538B-4197-8540-0BCF5770926F}.Debug|ARM.Deploy.0 = Debug|ARM
		{0129BDE5-538B-4197-8540-0BCF5770926F}.Debug|x64.ActiveCfg = Debug|x64
		{0129BDE5-538B-4197-8540-0BCF5770926F}.Debug|x64.Build.0 = Debug|x64
		{0129BDE5-538B-4197-8540-0BCF5770926F}.Debug|x64.Deploy.0 = Debug|x64
		{0129BDE5-538B-4197-8540-0BCF5770926F}.Debug|x86.ActiveCfg = Debug|x86
		{0129BDE5-538B-4197-8540-0BCF5770926F}.Debug|x86.Build.0 = Debug|x86
		{0129BDE5-538B-4197-8540-0BCF5770926F}.Debug|x86.Deploy.0 = Debug|x86
		{0129BDE5-538B-4197-8540-0BCF5770926F}.Release|Any CPU.ActiveCfg = Release|x86
		{0129BDE5-538B-4197-8540-0BCF5770926F}.Release|ARM.ActiveCfg = Release|ARM
		{0129BDE5-538B-4197-8540-0BCF5770926F}.Release|ARM.Build.0 = Release|ARM
		{0129BDE5-538B-4197-8540-0BCF5770926F}.Release|ARM.Deploy.0 = Release|ARM
		{0129BDE5-538B-4197-8540-0BCF5770926F}.Release|x64.ActiveCfg = Release|x64
		{0129BDE5-538B-4197-8540-0BCF5770926F}.Release|x64.Build.0 = Release|x64
		{0129BDE5-538B-4197-8540-0BCF5770926F}.Release|x64.Deploy.0 = Release|x64
		{0129BDE5-538B-4197-8540-0BCF5770926F}.Release|x86.ActiveCfg = Release|x86
		{0129BDE5-538B-4197-8540-0BCF5770926F}.Release|x86.Build.0 = Release|x86
		{0129BDE5-538B-4197-8540-0BCF5770926F}.Release|x86.Deploy.0 = Release|x86
		{60B6294B-CD13-4305-AA7A-66BAA3C70427}.Debug|Any CPU.ActiveCfg = Debug|Any CPU
		{60B6294B-CD13-4305-AA7A-66BAA3C70427}.Debug|Any CPU.Build.0 = Debug|Any CPU
		{60B6294B-CD13-4305-AA7A-66BAA3C70427}.Debug|Any CPU.Deploy.0 = Debug|Any CPU
		{60B6294B-CD13-4305-AA7A-66BAA3C70427}.Debug|ARM.ActiveCfg = Debug|Any CPU
		{60B6294B-CD13-4305-AA7A-66BAA3C70427}.Debug|ARM.Build.0 = Debug|Any CPU
		{60B6294B-CD13-4305-AA7A-66BAA3C70427}.Debug|ARM.Deploy.0 = Debug|Any CPU
		{60B6294B-CD13-4305-AA7A-66BAA3C70427}.Debug|x64.ActiveCfg = Debug|Any CPU
		{60B6294B-CD13-4305-AA7A-66BAA3C70427}.Debug|x64.Build.0 = Debug|Any CPU
		{60B6294B-CD13-4305-AA7A-66BAA3C70427}.Debug|x64.Deploy.0 = Debug|Any CPU
		{60B6294B-CD13-4305-AA7A-66BAA3C70427}.Debug|x86.ActiveCfg = Debug|Any CPU
		{60B6294B-CD13-4305-AA7A-66BAA3C70427}.Debug|x86.Build.0 = Debug|Any CPU
		{60B6294B-CD13-4305-AA7A-66BAA3C70427}.Debug|x86.Deploy.0 = Debug|Any CPU
		{60B6294B-CD13-4305-AA7A-66BAA3C70427}.Release|Any CPU.ActiveCfg = Release|Any CPU
		{60B6294B-CD13-4305-AA7A-66BAA3C70427}.Release|Any CPU.Build.0 = Release|Any CPU
		{60B6294B-CD13-4305-AA7A-66BAA3C70427}.Release|Any CPU.Deploy.0 = Release|Any CPU
		{60B6294B-CD13-4305-AA7A-66BAA3C70427}.Release|ARM.ActiveCfg = Release|Any CPU
		{60B6294B-CD13-4305-AA7A-66BAA3C70427}.Release|ARM.Build.0 = Release|Any CPU
		{60B6294B-CD13-4305-AA7A-66BAA3C70427}.Release|ARM.Deploy.0 = Release|Any CPU
		{60B6294B-CD13-4305-AA7A-66BAA3C70427}.Release|x64.ActiveCfg = Release|Any CPU
		{60B6294B-CD13-4305-AA7A-66BAA3C70427}.Release|x64.Build.0 = Release|Any CPU
		{60B6294B-CD13-4305-AA7A-66BAA3C70427}.Release|x64.Deploy.0 = Release|Any CPU
		{60B6294B-CD13-4305-AA7A-66BAA3C70427}.Release|x86.ActiveCfg = Release|Any CPU
		{60B6294B-CD13-4305-AA7A-66BAA3C70427}.Release|x86.Build.0 = Release|Any CPU
		{60B6294B-CD13-4305-AA7A-66BAA3C70427}.Release|x86.Deploy.0 = Release|Any CPU
		{051B9BA9-7CF5-4D69-8F23-2FB99ED22DFA}.Debug|Any CPU.ActiveCfg = Debug|Any CPU
		{051B9BA9-7CF5-4D69-8F23-2FB99ED22DFA}.Debug|Any CPU.Build.0 = Debug|Any CPU
		{051B9BA9-7CF5-4D69-8F23-2FB99ED22DFA}.Debug|ARM.ActiveCfg = Debug|Any CPU
		{051B9BA9-7CF5-4D69-8F23-2FB99ED22DFA}.Debug|ARM.Build.0 = Debug|Any CPU
		{051B9BA9-7CF5-4D69-8F23-2FB99ED22DFA}.Debug|x64.ActiveCfg = Debug|Any CPU
		{051B9BA9-7CF5-4D69-8F23-2FB99ED22DFA}.Debug|x64.Build.0 = Debug|Any CPU
		{051B9BA9-7CF5-4D69-8F23-2FB99ED22DFA}.Debug|x86.ActiveCfg = Debug|Any CPU
		{051B9BA9-7CF5-4D69-8F23-2FB99ED22DFA}.Debug|x86.Build.0 = Debug|Any CPU
		{051B9BA9-7CF5-4D69-8F23-2FB99ED22DFA}.Release|Any CPU.ActiveCfg = Release|Any CPU
		{051B9BA9-7CF5-4D69-8F23-2FB99ED22DFA}.Release|Any CPU.Build.0 = Release|Any CPU
		{051B9BA9-7CF5-4D69-8F23-2FB99ED22DFA}.Release|ARM.ActiveCfg = Release|Any CPU
		{051B9BA9-7CF5-4D69-8F23-2FB99ED22DFA}.Release|ARM.Build.0 = Release|Any CPU
		{051B9BA9-7CF5-4D69-8F23-2FB99ED22DFA}.Release|x64.ActiveCfg = Release|Any CPU
		{051B9BA9-7CF5-4D69-8F23-2FB99ED22DFA}.Release|x64.Build.0 = Release|Any CPU
		{051B9BA9-7CF5-4D69-8F23-2FB99ED22DFA}.Release|x86.ActiveCfg = Release|Any CPU
		{051B9BA9-7CF5-4D69-8F23-2FB99ED22DFA}.Release|x86.Build.0 = Release|Any CPU
		{9BE5AE8F-AACC-40E0-9345-263A3B4956D0}.Debug|Any CPU.ActiveCfg = Debug|x86
		{9BE5AE8F-AACC-40E0-9345-263A3B4956D0}.Debug|ARM.ActiveCfg = Debug|ARM
		{9BE5AE8F-AACC-40E0-9345-263A3B4956D0}.Debug|ARM.Build.0 = Debug|ARM
		{9BE5AE8F-AACC-40E0-9345-263A3B4956D0}.Debug|ARM.Deploy.0 = Debug|ARM
		{9BE5AE8F-AACC-40E0-9345-263A3B4956D0}.Debug|x64.ActiveCfg = Debug|x64
		{9BE5AE8F-AACC-40E0-9345-263A3B4956D0}.Debug|x64.Build.0 = Debug|x64
		{9BE5AE8F-AACC-40E0-9345-263A3B4956D0}.Debug|x64.Deploy.0 = Debug|x64
		{9BE5AE8F-AACC-40E0-9345-263A3B4956D0}.Debug|x86.ActiveCfg = Debug|x86
		{9BE5AE8F-AACC-40E0-9345-263A3B4956D0}.Debug|x86.Build.0 = Debug|x86
		{9BE5AE8F-AACC-40E0-9345-263A3B4956D0}.Debug|x86.Deploy.0 = Debug|x86
		{9BE5AE8F-AACC-40E0-9345-263A3B4956D0}.Release|Any CPU.ActiveCfg = Release|x86
		{9BE5AE8F-AACC-40E0-9345-263A3B4956D0}.Release|ARM.ActiveCfg = Release|ARM
		{9BE5AE8F-AACC-40E0-9345-263A3B4956D0}.Release|ARM.Build.0 = Release|ARM
		{9BE5AE8F-AACC-40E0-9345-263A3B4956D0}.Release|ARM.Deploy.0 = Release|ARM
		{9BE5AE8F-AACC-40E0-9345-263A3B4956D0}.Release|x64.ActiveCfg = Release|x64
		{9BE5AE8F-AACC-40E0-9345-263A3B4956D0}.Release|x64.Build.0 = Release|x64
		{9BE5AE8F-AACC-40E0-9345-263A3B4956D0}.Release|x64.Deploy.0 = Release|x64
		{9BE5AE8F-AACC-40E0-9345-263A3B4956D0}.Release|x86.ActiveCfg = Release|x86
		{9BE5AE8F-AACC-40E0-9345-263A3B4956D0}.Release|x86.Build.0 = Release|x86
		{9BE5AE8F-AACC-40E0-9345-263A3B4956D0}.Release|x86.Deploy.0 = Release|x86
		{A9560512-A503-445F-8FBB-153D7C37F408}.Debug|Any CPU.ActiveCfg = Debug|Any CPU
		{A9560512-A503-445F-8FBB-153D7C37F408}.Debug|Any CPU.Build.0 = Debug|Any CPU
		{A9560512-A503-445F-8FBB-153D7C37F408}.Debug|Any CPU.Deploy.0 = Debug|Any CPU
		{A9560512-A503-445F-8FBB-153D7C37F408}.Debug|ARM.ActiveCfg = Debug|Any CPU
		{A9560512-A503-445F-8FBB-153D7C37F408}.Debug|ARM.Build.0 = Debug|Any CPU
		{A9560512-A503-445F-8FBB-153D7C37F408}.Debug|ARM.Deploy.0 = Debug|Any CPU
		{A9560512-A503-445F-8FBB-153D7C37F408}.Debug|x64.ActiveCfg = Debug|Any CPU
		{A9560512-A503-445F-8FBB-153D7C37F408}.Debug|x64.Build.0 = Debug|Any CPU
		{A9560512-A503-445F-8FBB-153D7C37F408}.Debug|x64.Deploy.0 = Debug|Any CPU
		{A9560512-A503-445F-8FBB-153D7C37F408}.Debug|x86.ActiveCfg = Debug|Any CPU
		{A9560512-A503-445F-8FBB-153D7C37F408}.Debug|x86.Build.0 = Debug|Any CPU
		{A9560512-A503-445F-8FBB-153D7C37F408}.Debug|x86.Deploy.0 = Debug|Any CPU
		{A9560512-A503-445F-8FBB-153D7C37F408}.Release|Any CPU.ActiveCfg = Release|Any CPU
		{A9560512-A503-445F-8FBB-153D7C37F408}.Release|Any CPU.Build.0 = Release|Any CPU
		{A9560512-A503-445F-8FBB-153D7C37F408}.Release|Any CPU.Deploy.0 = Release|Any CPU
		{A9560512-A503-445F-8FBB-153D7C37F408}.Release|ARM.ActiveCfg = Release|Any CPU
		{A9560512-A503-445F-8FBB-153D7C37F408}.Release|ARM.Build.0 = Release|Any CPU
		{A9560512-A503-445F-8FBB-153D7C37F408}.Release|ARM.Deploy.0 = Release|Any CPU
		{A9560512-A503-445F-8FBB-153D7C37F408}.Release|x64.ActiveCfg = Release|Any CPU
		{A9560512-A503-445F-8FBB-153D7C37F408}.Release|x64.Build.0 = Release|Any CPU
		{A9560512-A503-445F-8FBB-153D7C37F408}.Release|x64.Deploy.0 = Release|Any CPU
		{A9560512-A503-445F-8FBB-153D7C37F408}.Release|x86.ActiveCfg = Release|Any CPU
		{A9560512-A503-445F-8FBB-153D7C37F408}.Release|x86.Build.0 = Release|Any CPU
		{A9560512-A503-445F-8FBB-153D7C37F408}.Release|x86.Deploy.0 = Release|Any CPU
		{52402CFF-560D-4C8D-8846-9AF3EAD72F19}.Debug|Any CPU.ActiveCfg = Debug|Any CPU
		{52402CFF-560D-4C8D-8846-9AF3EAD72F19}.Debug|Any CPU.Build.0 = Debug|Any CPU
		{52402CFF-560D-4C8D-8846-9AF3EAD72F19}.Debug|ARM.ActiveCfg = Debug|Any CPU
		{52402CFF-560D-4C8D-8846-9AF3EAD72F19}.Debug|ARM.Build.0 = Debug|Any CPU
		{52402CFF-560D-4C8D-8846-9AF3EAD72F19}.Debug|x64.ActiveCfg = Debug|Any CPU
		{52402CFF-560D-4C8D-8846-9AF3EAD72F19}.Debug|x64.Build.0 = Debug|Any CPU
		{52402CFF-560D-4C8D-8846-9AF3EAD72F19}.Debug|x86.ActiveCfg = Debug|Any CPU
		{52402CFF-560D-4C8D-8846-9AF3EAD72F19}.Debug|x86.Build.0 = Debug|Any CPU
		{52402CFF-560D-4C8D-8846-9AF3EAD72F19}.Release|Any CPU.ActiveCfg = Release|Any CPU
		{52402CFF-560D-4C8D-8846-9AF3EAD72F19}.Release|Any CPU.Build.0 = Release|Any CPU
		{52402CFF-560D-4C8D-8846-9AF3EAD72F19}.Release|ARM.ActiveCfg = Release|Any CPU
		{52402CFF-560D-4C8D-8846-9AF3EAD72F19}.Release|ARM.Build.0 = Release|Any CPU
		{52402CFF-560D-4C8D-8846-9AF3EAD72F19}.Release|x64.ActiveCfg = Release|Any CPU
		{52402CFF-560D-4C8D-8846-9AF3EAD72F19}.Release|x64.Build.0 = Release|Any CPU
		{52402CFF-560D-4C8D-8846-9AF3EAD72F19}.Release|x86.ActiveCfg = Release|Any CPU
		{52402CFF-560D-4C8D-8846-9AF3EAD72F19}.Release|x86.Build.0 = Release|Any CPU
		{061DAFC7-983F-4347-A6FE-D1FC567B1698}.Debug|Any CPU.ActiveCfg = Debug|Any CPU
		{061DAFC7-983F-4347-A6FE-D1FC567B1698}.Debug|Any CPU.Build.0 = Debug|Any CPU
		{061DAFC7-983F-4347-A6FE-D1FC567B1698}.Debug|Any CPU.Deploy.0 = Debug|Any CPU
		{061DAFC7-983F-4347-A6FE-D1FC567B1698}.Debug|ARM.ActiveCfg = Debug|Any CPU
		{061DAFC7-983F-4347-A6FE-D1FC567B1698}.Debug|ARM.Build.0 = Debug|Any CPU
		{061DAFC7-983F-4347-A6FE-D1FC567B1698}.Debug|ARM.Deploy.0 = Debug|Any CPU
		{061DAFC7-983F-4347-A6FE-D1FC567B1698}.Debug|x64.ActiveCfg = Debug|Any CPU
		{061DAFC7-983F-4347-A6FE-D1FC567B1698}.Debug|x64.Build.0 = Debug|Any CPU
		{061DAFC7-983F-4347-A6FE-D1FC567B1698}.Debug|x64.Deploy.0 = Debug|Any CPU
		{061DAFC7-983F-4347-A6FE-D1FC567B1698}.Debug|x86.ActiveCfg = Debug|Any CPU
		{061DAFC7-983F-4347-A6FE-D1FC567B1698}.Debug|x86.Build.0 = Debug|Any CPU
		{061DAFC7-983F-4347-A6FE-D1FC567B1698}.Debug|x86.Deploy.0 = Debug|Any CPU
		{061DAFC7-983F-4347-A6FE-D1FC567B1698}.Release|Any CPU.ActiveCfg = Release|Any CPU
		{061DAFC7-983F-4347-A6FE-D1FC567B1698}.Release|Any CPU.Build.0 = Release|Any CPU
		{061DAFC7-983F-4347-A6FE-D1FC567B1698}.Release|Any CPU.Deploy.0 = Release|Any CPU
		{061DAFC7-983F-4347-A6FE-D1FC567B1698}.Release|ARM.ActiveCfg = Release|Any CPU
		{061DAFC7-983F-4347-A6FE-D1FC567B1698}.Release|ARM.Build.0 = Release|Any CPU
		{061DAFC7-983F-4347-A6FE-D1FC567B1698}.Release|ARM.Deploy.0 = Release|Any CPU
		{061DAFC7-983F-4347-A6FE-D1FC567B1698}.Release|x64.ActiveCfg = Release|Any CPU
		{061DAFC7-983F-4347-A6FE-D1FC567B1698}.Release|x64.Build.0 = Release|Any CPU
		{061DAFC7-983F-4347-A6FE-D1FC567B1698}.Release|x64.Deploy.0 = Release|Any CPU
		{061DAFC7-983F-4347-A6FE-D1FC567B1698}.Release|x86.ActiveCfg = Release|Any CPU
		{061DAFC7-983F-4347-A6FE-D1FC567B1698}.Release|x86.Build.0 = Release|Any CPU
		{061DAFC7-983F-4347-A6FE-D1FC567B1698}.Release|x86.Deploy.0 = Release|Any CPU
		{0C1AF8CA-58CE-44C2-A404-0C37E68F4857}.Debug|Any CPU.ActiveCfg = Debug|x86
		{0C1AF8CA-58CE-44C2-A404-0C37E68F4857}.Debug|ARM.ActiveCfg = Debug|ARM
		{0C1AF8CA-58CE-44C2-A404-0C37E68F4857}.Debug|ARM.Build.0 = Debug|ARM
		{0C1AF8CA-58CE-44C2-A404-0C37E68F4857}.Debug|ARM.Deploy.0 = Debug|ARM
		{0C1AF8CA-58CE-44C2-A404-0C37E68F4857}.Debug|x64.ActiveCfg = Debug|x64
		{0C1AF8CA-58CE-44C2-A404-0C37E68F4857}.Debug|x64.Build.0 = Debug|x64
		{0C1AF8CA-58CE-44C2-A404-0C37E68F4857}.Debug|x64.Deploy.0 = Debug|x64
		{0C1AF8CA-58CE-44C2-A404-0C37E68F4857}.Debug|x86.ActiveCfg = Debug|x86
		{0C1AF8CA-58CE-44C2-A404-0C37E68F4857}.Debug|x86.Build.0 = Debug|x86
		{0C1AF8CA-58CE-44C2-A404-0C37E68F4857}.Debug|x86.Deploy.0 = Debug|x86
		{0C1AF8CA-58CE-44C2-A404-0C37E68F4857}.Release|Any CPU.ActiveCfg = Release|x86
		{0C1AF8CA-58CE-44C2-A404-0C37E68F4857}.Release|ARM.ActiveCfg = Release|ARM
		{0C1AF8CA-58CE-44C2-A404-0C37E68F4857}.Release|ARM.Build.0 = Release|ARM
		{0C1AF8CA-58CE-44C2-A404-0C37E68F4857}.Release|ARM.Deploy.0 = Release|ARM
		{0C1AF8CA-58CE-44C2-A404-0C37E68F4857}.Release|x64.ActiveCfg = Release|x64
		{0C1AF8CA-58CE-44C2-A404-0C37E68F4857}.Release|x64.Build.0 = Release|x64
		{0C1AF8CA-58CE-44C2-A404-0C37E68F4857}.Release|x64.Deploy.0 = Release|x64
		{0C1AF8CA-58CE-44C2-A404-0C37E68F4857}.Release|x86.ActiveCfg = Release|x86
		{0C1AF8CA-58CE-44C2-A404-0C37E68F4857}.Release|x86.Build.0 = Release|x86
		{0C1AF8CA-58CE-44C2-A404-0C37E68F4857}.Release|x86.Deploy.0 = Release|x86
		{DDBBBDFE-EB15-4EEF-9311-9622DCAD8B5E}.Debug|Any CPU.ActiveCfg = Debug|Any CPU
		{DDBBBDFE-EB15-4EEF-9311-9622DCAD8B5E}.Debug|Any CPU.Build.0 = Debug|Any CPU
		{DDBBBDFE-EB15-4EEF-9311-9622DCAD8B5E}.Debug|ARM.ActiveCfg = Debug|Any CPU
		{DDBBBDFE-EB15-4EEF-9311-9622DCAD8B5E}.Debug|ARM.Build.0 = Debug|Any CPU
		{DDBBBDFE-EB15-4EEF-9311-9622DCAD8B5E}.Debug|x64.ActiveCfg = Debug|Any CPU
		{DDBBBDFE-EB15-4EEF-9311-9622DCAD8B5E}.Debug|x64.Build.0 = Debug|Any CPU
		{DDBBBDFE-EB15-4EEF-9311-9622DCAD8B5E}.Debug|x86.ActiveCfg = Debug|Any CPU
		{DDBBBDFE-EB15-4EEF-9311-9622DCAD8B5E}.Debug|x86.Build.0 = Debug|Any CPU
		{DDBBBDFE-EB15-4EEF-9311-9622DCAD8B5E}.Release|Any CPU.ActiveCfg = Release|Any CPU
		{DDBBBDFE-EB15-4EEF-9311-9622DCAD8B5E}.Release|Any CPU.Build.0 = Release|Any CPU
		{DDBBBDFE-EB15-4EEF-9311-9622DCAD8B5E}.Release|ARM.ActiveCfg = Release|Any CPU
		{DDBBBDFE-EB15-4EEF-9311-9622DCAD8B5E}.Release|ARM.Build.0 = Release|Any CPU
		{DDBBBDFE-EB15-4EEF-9311-9622DCAD8B5E}.Release|x64.ActiveCfg = Release|Any CPU
		{DDBBBDFE-EB15-4EEF-9311-9622DCAD8B5E}.Release|x64.Build.0 = Release|Any CPU
		{DDBBBDFE-EB15-4EEF-9311-9622DCAD8B5E}.Release|x86.ActiveCfg = Release|Any CPU
		{DDBBBDFE-EB15-4EEF-9311-9622DCAD8B5E}.Release|x86.Build.0 = Release|Any CPU
		{016ACB31-0705-4FAA-ACAD-DAD25C319F5B}.Debug|Any CPU.ActiveCfg = Debug|Any CPU
		{016ACB31-0705-4FAA-ACAD-DAD25C319F5B}.Debug|Any CPU.Build.0 = Debug|Any CPU
		{016ACB31-0705-4FAA-ACAD-DAD25C319F5B}.Debug|Any CPU.Deploy.0 = Debug|Any CPU
		{016ACB31-0705-4FAA-ACAD-DAD25C319F5B}.Debug|ARM.ActiveCfg = Debug|Any CPU
		{016ACB31-0705-4FAA-ACAD-DAD25C319F5B}.Debug|ARM.Build.0 = Debug|Any CPU
		{016ACB31-0705-4FAA-ACAD-DAD25C319F5B}.Debug|ARM.Deploy.0 = Debug|Any CPU
		{016ACB31-0705-4FAA-ACAD-DAD25C319F5B}.Debug|x64.ActiveCfg = Debug|Any CPU
		{016ACB31-0705-4FAA-ACAD-DAD25C319F5B}.Debug|x64.Build.0 = Debug|Any CPU
		{016ACB31-0705-4FAA-ACAD-DAD25C319F5B}.Debug|x64.Deploy.0 = Debug|Any CPU
		{016ACB31-0705-4FAA-ACAD-DAD25C319F5B}.Debug|x86.ActiveCfg = Debug|Any CPU
		{016ACB31-0705-4FAA-ACAD-DAD25C319F5B}.Debug|x86.Build.0 = Debug|Any CPU
		{016ACB31-0705-4FAA-ACAD-DAD25C319F5B}.Debug|x86.Deploy.0 = Debug|Any CPU
		{016ACB31-0705-4FAA-ACAD-DAD25C319F5B}.Release|Any CPU.ActiveCfg = Release|Any CPU
		{016ACB31-0705-4FAA-ACAD-DAD25C319F5B}.Release|Any CPU.Build.0 = Release|Any CPU
		{016ACB31-0705-4FAA-ACAD-DAD25C319F5B}.Release|Any CPU.Deploy.0 = Release|Any CPU
		{016ACB31-0705-4FAA-ACAD-DAD25C319F5B}.Release|ARM.ActiveCfg = Release|Any CPU
		{016ACB31-0705-4FAA-ACAD-DAD25C319F5B}.Release|ARM.Build.0 = Release|Any CPU
		{016ACB31-0705-4FAA-ACAD-DAD25C319F5B}.Release|ARM.Deploy.0 = Release|Any CPU
		{016ACB31-0705-4FAA-ACAD-DAD25C319F5B}.Release|x64.ActiveCfg = Release|Any CPU
		{016ACB31-0705-4FAA-ACAD-DAD25C319F5B}.Release|x64.Build.0 = Release|Any CPU
		{016ACB31-0705-4FAA-ACAD-DAD25C319F5B}.Release|x64.Deploy.0 = Release|Any CPU
		{016ACB31-0705-4FAA-ACAD-DAD25C319F5B}.Release|x86.ActiveCfg = Release|Any CPU
		{016ACB31-0705-4FAA-ACAD-DAD25C319F5B}.Release|x86.Build.0 = Release|Any CPU
		{016ACB31-0705-4FAA-ACAD-DAD25C319F5B}.Release|x86.Deploy.0 = Release|Any CPU
		{53ADA26F-0FDC-440A-86A3-DC38361669B3}.Debug|Any CPU.ActiveCfg = Debug|x86
		{53ADA26F-0FDC-440A-86A3-DC38361669B3}.Debug|ARM.ActiveCfg = Debug|ARM
		{53ADA26F-0FDC-440A-86A3-DC38361669B3}.Debug|ARM.Build.0 = Debug|ARM
		{53ADA26F-0FDC-440A-86A3-DC38361669B3}.Debug|ARM.Deploy.0 = Debug|ARM
		{53ADA26F-0FDC-440A-86A3-DC38361669B3}.Debug|x64.ActiveCfg = Debug|x64
		{53ADA26F-0FDC-440A-86A3-DC38361669B3}.Debug|x64.Build.0 = Debug|x64
		{53ADA26F-0FDC-440A-86A3-DC38361669B3}.Debug|x64.Deploy.0 = Debug|x64
		{53ADA26F-0FDC-440A-86A3-DC38361669B3}.Debug|x86.ActiveCfg = Debug|x86
		{53ADA26F-0FDC-440A-86A3-DC38361669B3}.Debug|x86.Build.0 = Debug|x86
		{53ADA26F-0FDC-440A-86A3-DC38361669B3}.Debug|x86.Deploy.0 = Debug|x86
		{53ADA26F-0FDC-440A-86A3-DC38361669B3}.Release|Any CPU.ActiveCfg = Release|x86
		{53ADA26F-0FDC-440A-86A3-DC38361669B3}.Release|ARM.ActiveCfg = Release|ARM
		{53ADA26F-0FDC-440A-86A3-DC38361669B3}.Release|ARM.Build.0 = Release|ARM
		{53ADA26F-0FDC-440A-86A3-DC38361669B3}.Release|ARM.Deploy.0 = Release|ARM
		{53ADA26F-0FDC-440A-86A3-DC38361669B3}.Release|x64.ActiveCfg = Release|x64
		{53ADA26F-0FDC-440A-86A3-DC38361669B3}.Release|x64.Build.0 = Release|x64
		{53ADA26F-0FDC-440A-86A3-DC38361669B3}.Release|x64.Deploy.0 = Release|x64
		{53ADA26F-0FDC-440A-86A3-DC38361669B3}.Release|x86.ActiveCfg = Release|x86
		{53ADA26F-0FDC-440A-86A3-DC38361669B3}.Release|x86.Build.0 = Release|x86
		{53ADA26F-0FDC-440A-86A3-DC38361669B3}.Release|x86.Deploy.0 = Release|x86
		{9BA3347C-9BE3-4AA1-8CEC-E0B4EA28EB72}.Debug|Any CPU.ActiveCfg = Debug|Any CPU
		{9BA3347C-9BE3-4AA1-8CEC-E0B4EA28EB72}.Debug|Any CPU.Build.0 = Debug|Any CPU
		{9BA3347C-9BE3-4AA1-8CEC-E0B4EA28EB72}.Debug|ARM.ActiveCfg = Debug|Any CPU
		{9BA3347C-9BE3-4AA1-8CEC-E0B4EA28EB72}.Debug|ARM.Build.0 = Debug|Any CPU
		{9BA3347C-9BE3-4AA1-8CEC-E0B4EA28EB72}.Debug|x64.ActiveCfg = Debug|Any CPU
		{9BA3347C-9BE3-4AA1-8CEC-E0B4EA28EB72}.Debug|x64.Build.0 = Debug|Any CPU
		{9BA3347C-9BE3-4AA1-8CEC-E0B4EA28EB72}.Debug|x86.ActiveCfg = Debug|Any CPU
		{9BA3347C-9BE3-4AA1-8CEC-E0B4EA28EB72}.Debug|x86.Build.0 = Debug|Any CPU
		{9BA3347C-9BE3-4AA1-8CEC-E0B4EA28EB72}.Release|Any CPU.ActiveCfg = Release|Any CPU
		{9BA3347C-9BE3-4AA1-8CEC-E0B4EA28EB72}.Release|Any CPU.Build.0 = Release|Any CPU
		{9BA3347C-9BE3-4AA1-8CEC-E0B4EA28EB72}.Release|ARM.ActiveCfg = Release|Any CPU
		{9BA3347C-9BE3-4AA1-8CEC-E0B4EA28EB72}.Release|ARM.Build.0 = Release|Any CPU
		{9BA3347C-9BE3-4AA1-8CEC-E0B4EA28EB72}.Release|x64.ActiveCfg = Release|Any CPU
		{9BA3347C-9BE3-4AA1-8CEC-E0B4EA28EB72}.Release|x64.Build.0 = Release|Any CPU
		{9BA3347C-9BE3-4AA1-8CEC-E0B4EA28EB72}.Release|x86.ActiveCfg = Release|Any CPU
		{9BA3347C-9BE3-4AA1-8CEC-E0B4EA28EB72}.Release|x86.Build.0 = Release|Any CPU
		{BCED65C9-A624-461E-B37F-EFFA96A55D38}.Debug|Any CPU.ActiveCfg = Debug|Any CPU
		{BCED65C9-A624-461E-B37F-EFFA96A55D38}.Debug|Any CPU.Build.0 = Debug|Any CPU
		{BCED65C9-A624-461E-B37F-EFFA96A55D38}.Debug|Any CPU.Deploy.0 = Debug|Any CPU
		{BCED65C9-A624-461E-B37F-EFFA96A55D38}.Debug|ARM.ActiveCfg = Debug|Any CPU
		{BCED65C9-A624-461E-B37F-EFFA96A55D38}.Debug|ARM.Build.0 = Debug|Any CPU
		{BCED65C9-A624-461E-B37F-EFFA96A55D38}.Debug|ARM.Deploy.0 = Debug|Any CPU
		{BCED65C9-A624-461E-B37F-EFFA96A55D38}.Debug|x64.ActiveCfg = Debug|Any CPU
		{BCED65C9-A624-461E-B37F-EFFA96A55D38}.Debug|x64.Build.0 = Debug|Any CPU
		{BCED65C9-A624-461E-B37F-EFFA96A55D38}.Debug|x64.Deploy.0 = Debug|Any CPU
		{BCED65C9-A624-461E-B37F-EFFA96A55D38}.Debug|x86.ActiveCfg = Debug|Any CPU
		{BCED65C9-A624-461E-B37F-EFFA96A55D38}.Debug|x86.Build.0 = Debug|Any CPU
		{BCED65C9-A624-461E-B37F-EFFA96A55D38}.Debug|x86.Deploy.0 = Debug|Any CPU
		{BCED65C9-A624-461E-B37F-EFFA96A55D38}.Release|Any CPU.ActiveCfg = Release|Any CPU
		{BCED65C9-A624-461E-B37F-EFFA96A55D38}.Release|Any CPU.Build.0 = Release|Any CPU
		{BCED65C9-A624-461E-B37F-EFFA96A55D38}.Release|Any CPU.Deploy.0 = Release|Any CPU
		{BCED65C9-A624-461E-B37F-EFFA96A55D38}.Release|ARM.ActiveCfg = Release|Any CPU
		{BCED65C9-A624-461E-B37F-EFFA96A55D38}.Release|ARM.Build.0 = Release|Any CPU
		{BCED65C9-A624-461E-B37F-EFFA96A55D38}.Release|ARM.Deploy.0 = Release|Any CPU
		{BCED65C9-A624-461E-B37F-EFFA96A55D38}.Release|x64.ActiveCfg = Release|Any CPU
		{BCED65C9-A624-461E-B37F-EFFA96A55D38}.Release|x64.Build.0 = Release|Any CPU
		{BCED65C9-A624-461E-B37F-EFFA96A55D38}.Release|x64.Deploy.0 = Release|Any CPU
		{BCED65C9-A624-461E-B37F-EFFA96A55D38}.Release|x86.ActiveCfg = Release|Any CPU
		{BCED65C9-A624-461E-B37F-EFFA96A55D38}.Release|x86.Build.0 = Release|Any CPU
		{BCED65C9-A624-461E-B37F-EFFA96A55D38}.Release|x86.Deploy.0 = Release|Any CPU
		{0984BCE2-D678-41CD-870D-0720058BBBF7}.Debug|Any CPU.ActiveCfg = Debug|x86
		{0984BCE2-D678-41CD-870D-0720058BBBF7}.Debug|ARM.ActiveCfg = Debug|ARM
		{0984BCE2-D678-41CD-870D-0720058BBBF7}.Debug|ARM.Build.0 = Debug|ARM
		{0984BCE2-D678-41CD-870D-0720058BBBF7}.Debug|ARM.Deploy.0 = Debug|ARM
		{0984BCE2-D678-41CD-870D-0720058BBBF7}.Debug|x64.ActiveCfg = Debug|x64
		{0984BCE2-D678-41CD-870D-0720058BBBF7}.Debug|x64.Build.0 = Debug|x64
		{0984BCE2-D678-41CD-870D-0720058BBBF7}.Debug|x64.Deploy.0 = Debug|x64
		{0984BCE2-D678-41CD-870D-0720058BBBF7}.Debug|x86.ActiveCfg = Debug|x86
		{0984BCE2-D678-41CD-870D-0720058BBBF7}.Debug|x86.Build.0 = Debug|x86
		{0984BCE2-D678-41CD-870D-0720058BBBF7}.Debug|x86.Deploy.0 = Debug|x86
		{0984BCE2-D678-41CD-870D-0720058BBBF7}.Release|Any CPU.ActiveCfg = Release|x86
		{0984BCE2-D678-41CD-870D-0720058BBBF7}.Release|ARM.ActiveCfg = Release|ARM
		{0984BCE2-D678-41CD-870D-0720058BBBF7}.Release|ARM.Build.0 = Release|ARM
		{0984BCE2-D678-41CD-870D-0720058BBBF7}.Release|ARM.Deploy.0 = Release|ARM
		{0984BCE2-D678-41CD-870D-0720058BBBF7}.Release|x64.ActiveCfg = Release|x64
		{0984BCE2-D678-41CD-870D-0720058BBBF7}.Release|x64.Build.0 = Release|x64
		{0984BCE2-D678-41CD-870D-0720058BBBF7}.Release|x64.Deploy.0 = Release|x64
		{0984BCE2-D678-41CD-870D-0720058BBBF7}.Release|x86.ActiveCfg = Release|x86
		{0984BCE2-D678-41CD-870D-0720058BBBF7}.Release|x86.Build.0 = Release|x86
		{0984BCE2-D678-41CD-870D-0720058BBBF7}.Release|x86.Deploy.0 = Release|x86
		{CB6F3793-552B-44AB-A321-76983D73287B}.Debug|Any CPU.ActiveCfg = Debug|Any CPU
		{CB6F3793-552B-44AB-A321-76983D73287B}.Debug|Any CPU.Build.0 = Debug|Any CPU
		{CB6F3793-552B-44AB-A321-76983D73287B}.Debug|ARM.ActiveCfg = Debug|Any CPU
		{CB6F3793-552B-44AB-A321-76983D73287B}.Debug|ARM.Build.0 = Debug|Any CPU
		{CB6F3793-552B-44AB-A321-76983D73287B}.Debug|x64.ActiveCfg = Debug|Any CPU
		{CB6F3793-552B-44AB-A321-76983D73287B}.Debug|x64.Build.0 = Debug|Any CPU
		{CB6F3793-552B-44AB-A321-76983D73287B}.Debug|x86.ActiveCfg = Debug|Any CPU
		{CB6F3793-552B-44AB-A321-76983D73287B}.Debug|x86.Build.0 = Debug|Any CPU
		{CB6F3793-552B-44AB-A321-76983D73287B}.Release|Any CPU.ActiveCfg = Release|Any CPU
		{CB6F3793-552B-44AB-A321-76983D73287B}.Release|Any CPU.Build.0 = Release|Any CPU
		{CB6F3793-552B-44AB-A321-76983D73287B}.Release|ARM.ActiveCfg = Release|Any CPU
		{CB6F3793-552B-44AB-A321-76983D73287B}.Release|ARM.Build.0 = Release|Any CPU
		{CB6F3793-552B-44AB-A321-76983D73287B}.Release|x64.ActiveCfg = Release|Any CPU
		{CB6F3793-552B-44AB-A321-76983D73287B}.Release|x64.Build.0 = Release|Any CPU
		{CB6F3793-552B-44AB-A321-76983D73287B}.Release|x86.ActiveCfg = Release|Any CPU
		{CB6F3793-552B-44AB-A321-76983D73287B}.Release|x86.Build.0 = Release|Any CPU
	EndGlobalSection
	GlobalSection(SolutionProperties) = preSolution
		HideSolutionNode = FALSE
	EndGlobalSection
	GlobalSection(NestedProjects) = preSolution
		{F27495D8-F200-4F34-B05D-27D079752846} = {044312C5-C0FC-459A-8881-5B4033651540}
		{A4051445-357E-42C4-9292-F53A67451CA2} = {044312C5-C0FC-459A-8881-5B4033651540}
		{7FF1B92B-E016-4965-B5D0-B331752164EB} = {044312C5-C0FC-459A-8881-5B4033651540}
		{880C2506-4BFD-4D51-817F-E18B9E29EB12} = {C1F21703-9579-4C88-B2C5-ECB307FC31D1}
		{32F42488-D3FE-47C7-BA01-2F504467D777} = {C1F21703-9579-4C88-B2C5-ECB307FC31D1}
		{9971AC8F-3138-4819-8226-783D12CE2A41} = {C1F21703-9579-4C88-B2C5-ECB307FC31D1}
		{A1252C00-AF9D-47C1-90BE-8D32E079661D} = {2D80F8A8-9538-494D-A1F6-C24432698F41}
		{C2F77A58-FEB8-4BCC-A925-883EB22B2CF0} = {2D80F8A8-9538-494D-A1F6-C24432698F41}
		{D649A6D8-A09F-4B41-A085-7209370A8F5D} = {2D80F8A8-9538-494D-A1F6-C24432698F41}
		{FF43E3FA-1DF2-4C62-8679-C4A242D50923} = {77CA8A00-DB01-4378-9C8A-0F5989ED43FA}
		{883182C8-F8DA-494B-95DC-BFB769F385CE} = {77CA8A00-DB01-4378-9C8A-0F5989ED43FA}
		{7A34E704-A193-4FA4-BC61-85288513DEB5} = {BECCAB63-BBB1-451E-B458-144EBF69BF63}
		{93FD332F-1C4E-4854-AEF0-2142391C7947} = {BECCAB63-BBB1-451E-B458-144EBF69BF63}
		{2C51EEB1-EDA3-4707-9438-8BF07C65DAF3} = {BECCAB63-BBB1-451E-B458-144EBF69BF63}
		{58589364-3A61-4361-BA79-746C8078E296} = {9C47CC3E-E1A9-4610-94B5-C773EB8720A4}
		{0129BDE5-538B-4197-8540-0BCF5770926F} = {9C47CC3E-E1A9-4610-94B5-C773EB8720A4}
		{60B6294B-CD13-4305-AA7A-66BAA3C70427} = {9C47CC3E-E1A9-4610-94B5-C773EB8720A4}
		{051B9BA9-7CF5-4D69-8F23-2FB99ED22DFA} = {F1FCED6F-EA9F-4EA4-AFAC-E29A35CBC8CA}
		{9BE5AE8F-AACC-40E0-9345-263A3B4956D0} = {F1FCED6F-EA9F-4EA4-AFAC-E29A35CBC8CA}
		{A9560512-A503-445F-8FBB-153D7C37F408} = {F1FCED6F-EA9F-4EA4-AFAC-E29A35CBC8CA}
		{52402CFF-560D-4C8D-8846-9AF3EAD72F19} = {25E3DFBE-A602-46C2-93D8-6559BC3275FB}
		{061DAFC7-983F-4347-A6FE-D1FC567B1698} = {25E3DFBE-A602-46C2-93D8-6559BC3275FB}
		{0C1AF8CA-58CE-44C2-A404-0C37E68F4857} = {25E3DFBE-A602-46C2-93D8-6559BC3275FB}
		{DDBBBDFE-EB15-4EEF-9311-9622DCAD8B5E} = {2A1E35A2-9898-44A2-B4A1-D7F9C0F830EE}
		{016ACB31-0705-4FAA-ACAD-DAD25C319F5B} = {2A1E35A2-9898-44A2-B4A1-D7F9C0F830EE}
		{53ADA26F-0FDC-440A-86A3-DC38361669B3} = {2A1E35A2-9898-44A2-B4A1-D7F9C0F830EE}
		{9BA3347C-9BE3-4AA1-8CEC-E0B4EA28EB72} = {95BD8D00-C44B-41D1-B2B3-DF1446CC9563}
		{BCED65C9-A624-461E-B37F-EFFA96A55D38} = {95BD8D00-C44B-41D1-B2B3-DF1446CC9563}
		{0984BCE2-D678-41CD-870D-0720058BBBF7} = {95BD8D00-C44B-41D1-B2B3-DF1446CC9563}
		{CB6F3793-552B-44AB-A321-76983D73287B} = {95BD8D00-C44B-41D1-B2B3-DF1446CC9563}
	EndGlobalSection
	GlobalSection(ExtensibilityGlobals) = postSolution
		SolutionGuid = {C3DA5FBD-64C4-45B6-B42C-0A7625FEAE4B}
	EndGlobalSection
EndGlobal
